{
  "version": 4,
  "terraform_version": "0.14.6",
  "serial": 395,
  "lineage": "fbbb5272-916e-543e-6853-de689a2cf426",
  "outputs": {
    "instance_address": {
      "value": "35.237.184.69",
      "type": "string"
    }
  },
  "resources": [
    {
      "mode": "data",
      "type": "google_compute_network",
      "name": "default-network",
      "provider": "provider[\"registry.terraform.io/hashicorp/google\"]",
      "instances": [
        {
          "schema_version": 0,
          "attributes": {
            "description": "Default network for the project",
            "gateway_ipv4": "",
            "id": "projects/data-segment-304402/global/networks/default",
            "name": "default",
            "project": "data-segment-304402",
            "self_link": "https://www.googleapis.com/compute/v1/projects/data-segment-304402/global/networks/default",
            "subnetworks_self_links": [
              "https://www.googleapis.com/compute/v1/projects/data-segment-304402/regions/europe-west4/subnetworks/default",
              "https://www.googleapis.com/compute/v1/projects/data-segment-304402/regions/asia-east2/subnetworks/default",
              "https://www.googleapis.com/compute/v1/projects/data-segment-304402/regions/asia-northeast2/subnetworks/default",
              "https://www.googleapis.com/compute/v1/projects/data-segment-304402/regions/us-west4/subnetworks/default",
              "https://www.googleapis.com/compute/v1/projects/data-segment-304402/regions/europe-west1/subnetworks/default",
              "https://www.googleapis.com/compute/v1/projects/data-segment-304402/regions/asia-southeast1/subnetworks/default",
              "https://www.googleapis.com/compute/v1/projects/data-segment-304402/regions/asia-northeast3/subnetworks/default",
              "https://www.googleapis.com/compute/v1/projects/data-segment-304402/regions/us-west2/subnetworks/default",
              "https://www.googleapis.com/compute/v1/projects/data-segment-304402/regions/europe-west6/subnetworks/default",
              "https://www.googleapis.com/compute/v1/projects/data-segment-304402/regions/europe-north1/subnetworks/default",
              "https://www.googleapis.com/compute/v1/projects/data-segment-304402/regions/us-west3/subnetworks/default",
              "https://www.googleapis.com/compute/v1/projects/data-segment-304402/regions/europe-west3/subnetworks/default",
              "https://www.googleapis.com/compute/v1/projects/data-segment-304402/regions/us-east1/subnetworks/default",
              "https://www.googleapis.com/compute/v1/projects/data-segment-304402/regions/asia-east1/subnetworks/default",
              "https://www.googleapis.com/compute/v1/projects/data-segment-304402/regions/asia-southeast2/subnetworks/default",
              "https://www.googleapis.com/compute/v1/projects/data-segment-304402/regions/southamerica-east1/subnetworks/default",
              "https://www.googleapis.com/compute/v1/projects/data-segment-304402/regions/us-east4/subnetworks/default",
              "https://www.googleapis.com/compute/v1/projects/data-segment-304402/regions/northamerica-northeast1/subnetworks/default",
              "https://www.googleapis.com/compute/v1/projects/data-segment-304402/regions/us-west1/subnetworks/default",
              "https://www.googleapis.com/compute/v1/projects/data-segment-304402/regions/us-central1/subnetworks/default",
              "https://www.googleapis.com/compute/v1/projects/data-segment-304402/regions/asia-northeast1/subnetworks/default",
              "https://www.googleapis.com/compute/v1/projects/data-segment-304402/regions/europe-west2/subnetworks/default",
              "https://www.googleapis.com/compute/v1/projects/data-segment-304402/regions/asia-south1/subnetworks/default",
              "https://www.googleapis.com/compute/v1/projects/data-segment-304402/regions/australia-southeast1/subnetworks/default"
            ]
          },
          "sensitive_attributes": []
        }
      ]
    },
    {
      "mode": "data",
      "type": "google_project",
      "name": "default-project",
      "provider": "provider[\"registry.terraform.io/hashicorp/google\"]",
      "instances": [
        {
          "schema_version": 0,
          "attributes": {
            "auto_create_network": null,
            "billing_account": null,
            "folder_id": null,
            "id": "projects/data-segment-304402",
            "labels": {},
            "name": "My First Project",
            "number": "961644410775",
            "org_id": null,
            "project_id": "data-segment-304402",
            "skip_delete": null
          },
          "sensitive_attributes": []
        }
      ]
    },
    {
      "mode": "managed",
      "type": "google_compute_autoscaler",
      "name": "cr460-autoscaler",
      "provider": "provider[\"registry.terraform.io/hashicorp/google\"]",
      "instances": [
        {
          "schema_version": 0,
          "attributes": {
            "autoscaling_policy": [
              {
                "cooldown_period": 60,
                "cpu_utilization": [
                  {
                    "target": 0.77
                  }
                ],
                "load_balancing_utilization": [],
                "max_replicas": 6,
                "metric": [],
                "min_replicas": 1,
                "mode": "ON",
                "scale_in_control": []
              }
            ],
            "creation_timestamp": "2021-02-27T14:19:03.882-08:00",
            "description": "",
            "id": "projects/data-segment-304402/zones/us-east1-c/autoscalers/cr460-autoscaler",
            "name": "cr460-autoscaler",
            "project": "data-segment-304402",
            "self_link": "https://www.googleapis.com/compute/v1/projects/data-segment-304402/zones/us-east1-c/autoscalers/cr460-autoscaler",
            "target": "https://www.googleapis.com/compute/v1/projects/data-segment-304402/zones/us-east1-c/instanceGroupManagers/cr460-workload-gm",
            "timeouts": null,
            "zone": "https://www.googleapis.com/compute/v1/projects/data-segment-304402/zones/us-east1-c"
          },
          "sensitive_attributes": [],
          "private": "eyJlMmJmYjczMC1lY2FhLTExZTYtOGY4OC0zNDM2M2JjN2M0YzAiOnsiY3JlYXRlIjoyNDAwMDAwMDAwMDAsImRlbGV0ZSI6MjQwMDAwMDAwMDAwLCJ1cGRhdGUiOjI0MDAwMDAwMDAwMH19",
          "dependencies": [
            "google_compute_instance_group_manager.cr460-workload-gm",
            "google_compute_instance_template.cr460-cheval-template",
            "google_compute_network.devoir1",
            "google_compute_subnetwork.prod-traitement"
          ]
        }
      ]
    },
    {
      "mode": "managed",
      "type": "google_compute_firewall",
      "name": "internal-control",
      "provider": "provider[\"registry.terraform.io/hashicorp/google\"]",
      "instances": [
        {
          "schema_version": 1,
          "attributes": {
            "allow": [
              {
                "ports": [
                  "22",
                  "2379",
                  "2380"
                ],
                "protocol": "tcp"
              }
            ],
            "creation_timestamp": "2021-02-27T14:18:06.042-08:00",
            "deny": [],
            "description": "",
            "destination_ranges": [],
            "direction": "INGRESS",
            "disabled": false,
            "enable_logging": null,
            "id": "projects/data-segment-304402/global/firewalls/internal-control",
            "log_config": [],
            "name": "internal-control",
            "network": "https://www.googleapis.com/compute/v1/projects/data-segment-304402/global/networks/devoir1",
            "priority": 1000,
            "project": "data-segment-304402",
            "self_link": "https://www.googleapis.com/compute/v1/projects/data-segment-304402/global/firewalls/internal-control",
            "source_ranges": [
              "10.0.46.0/24",
              "192.168.42.0/24"
            ],
            "source_service_accounts": null,
            "source_tags": null,
            "target_service_accounts": null,
            "target_tags": [
              "backend"
            ],
            "timeouts": null
          },
          "sensitive_attributes": [],
          "private": "eyJlMmJmYjczMC1lY2FhLTExZTYtOGY4OC0zNDM2M2JjN2M0YzAiOnsiY3JlYXRlIjoyNDAwMDAwMDAwMDAsImRlbGV0ZSI6MjQwMDAwMDAwMDAwLCJ1cGRhdGUiOjI0MDAwMDAwMDAwMH0sInNjaGVtYV92ZXJzaW9uIjoiMSJ9",
          "dependencies": [
            "google_compute_network.devoir1"
          ]
        }
      ]
    },
    {
      "mode": "managed",
      "type": "google_compute_firewall",
      "name": "ssh-public",
      "provider": "provider[\"registry.terraform.io/hashicorp/google\"]",
      "instances": [
        {
          "schema_version": 1,
          "attributes": {
            "allow": [
              {
                "ports": [
                  "1521",
                  "3368"
                ],
                "protocol": "tcp"
              }
            ],
            "creation_timestamp": "2021-02-27T14:18:06.053-08:00",
            "deny": [],
            "description": "",
            "destination_ranges": [],
            "direction": "INGRESS",
            "disabled": false,
            "enable_logging": null,
            "id": "projects/data-segment-304402/global/firewalls/ssh-public",
            "log_config": [],
            "name": "ssh-public",
            "network": "https://www.googleapis.com/compute/v1/projects/data-segment-304402/global/networks/devoir1",
            "priority": 1000,
            "project": "data-segment-304402",
            "self_link": "https://www.googleapis.com/compute/v1/projects/data-segment-304402/global/firewalls/ssh-public",
            "source_ranges": [
              "0.0.0.0/0"
            ],
            "source_service_accounts": null,
            "source_tags": null,
            "target_service_accounts": null,
            "target_tags": [
              "public"
            ],
            "timeouts": null
          },
          "sensitive_attributes": [],
          "private": "eyJlMmJmYjczMC1lY2FhLTExZTYtOGY4OC0zNDM2M2JjN2M0YzAiOnsiY3JlYXRlIjoyNDAwMDAwMDAwMDAsImRlbGV0ZSI6MjQwMDAwMDAwMDAwLCJ1cGRhdGUiOjI0MDAwMDAwMDAwMH0sInNjaGVtYV92ZXJzaW9uIjoiMSJ9",
          "dependencies": [
            "google_compute_network.devoir1"
          ]
        }
      ]
    },
    {
      "mode": "managed",
      "type": "google_compute_firewall",
      "name": "ssh-workload",
      "provider": "provider[\"registry.terraform.io/hashicorp/google\"]",
      "instances": [
        {
          "schema_version": 1,
          "attributes": {
            "allow": [
              {
                "ports": [
                  "22"
                ],
                "protocol": "tcp"
              }
            ],
            "creation_timestamp": "2021-02-27T14:18:05.998-08:00",
            "deny": [],
            "description": "",
            "destination_ranges": [],
            "direction": "INGRESS",
            "disabled": false,
            "enable_logging": null,
            "id": "projects/data-segment-304402/global/firewalls/ssh-workload",
            "log_config": [],
            "name": "ssh-workload",
            "network": "https://www.googleapis.com/compute/v1/projects/data-segment-304402/global/networks/devoir1",
            "priority": 1000,
            "project": "data-segment-304402",
            "self_link": "https://www.googleapis.com/compute/v1/projects/data-segment-304402/global/firewalls/ssh-workload",
            "source_ranges": [
              "0.0.0.0/0"
            ],
            "source_service_accounts": null,
            "source_tags": null,
            "target_service_accounts": null,
            "target_tags": [
              "workload"
            ],
            "timeouts": null
          },
          "sensitive_attributes": [],
          "private": "eyJlMmJmYjczMC1lY2FhLTExZTYtOGY4OC0zNDM2M2JjN2M0YzAiOnsiY3JlYXRlIjoyNDAwMDAwMDAwMDAsImRlbGV0ZSI6MjQwMDAwMDAwMDAwLCJ1cGRhdGUiOjI0MDAwMDAwMDAwMH0sInNjaGVtYV92ZXJzaW9uIjoiMSJ9",
          "dependencies": [
            "google_compute_network.devoir1"
          ]
        }
      ]
    },
    {
      "mode": "managed",
      "type": "google_compute_firewall",
      "name": "web-public",
      "provider": "provider[\"registry.terraform.io/hashicorp/google\"]",
      "instances": [
        {
          "schema_version": 1,
          "attributes": {
            "allow": [
              {
                "ports": [
                  "80",
                  "443"
                ],
                "protocol": "tcp"
              }
            ],
            "creation_timestamp": "2021-02-27T14:18:06.048-08:00",
            "deny": [],
            "description": "",
            "destination_ranges": [],
            "direction": "INGRESS",
            "disabled": false,
            "enable_logging": null,
            "id": "projects/data-segment-304402/global/firewalls/web-public",
            "log_config": [],
            "name": "web-public",
            "network": "https://www.googleapis.com/compute/v1/projects/data-segment-304402/global/networks/devoir1",
            "priority": 1000,
            "project": "data-segment-304402",
            "self_link": "https://www.googleapis.com/compute/v1/projects/data-segment-304402/global/firewalls/web-public",
            "source_ranges": [
              "0.0.0.0/0"
            ],
            "source_service_accounts": null,
            "source_tags": null,
            "target_service_accounts": null,
            "target_tags": [
              "public"
            ],
            "timeouts": null
          },
          "sensitive_attributes": [],
          "private": "eyJlMmJmYjczMC1lY2FhLTExZTYtOGY4OC0zNDM2M2JjN2M0YzAiOnsiY3JlYXRlIjoyNDAwMDAwMDAwMDAsImRlbGV0ZSI6MjQwMDAwMDAwMDAwLCJ1cGRhdGUiOjI0MDAwMDAwMDAwMH0sInNjaGVtYV92ZXJzaW9uIjoiMSJ9",
          "dependencies": [
            "google_compute_network.devoir1"
          ]
        }
      ]
    },
    {
      "mode": "managed",
      "type": "google_compute_instance",
      "name": "canard",
      "provider": "provider[\"registry.terraform.io/hashicorp/google\"]",
      "instances": [
        {
          "schema_version": 6,
          "attributes": {
            "allow_stopping_for_update": null,
            "attached_disk": [],
            "boot_disk": [
              {
                "auto_delete": true,
                "device_name": "persistent-disk-0",
                "disk_encryption_key_raw": "",
                "disk_encryption_key_sha256": "",
                "initialize_params": [
                  {
                    "image": "https://www.googleapis.com/compute/v1/projects/debian-cloud/global/images/debian-10-buster-v20210217",
                    "labels": {},
                    "size": 10,
                    "type": "pd-standard"
                  }
                ],
                "kms_key_self_link": "",
                "mode": "READ_WRITE",
                "source": "https://www.googleapis.com/compute/v1/projects/data-segment-304402/zones/us-east1-c/disks/canard"
              }
            ],
            "can_ip_forward": false,
            "confidential_instance_config": [],
            "cpu_platform": "Intel Haswell",
            "current_status": "RUNNING",
            "deletion_protection": false,
            "description": "",
            "desired_status": null,
            "enable_display": false,
            "guest_accelerator": [],
            "hostname": "",
            "id": "projects/data-segment-304402/zones/us-east1-c/instances/canard",
            "instance_id": "5302945138012027845",
            "label_fingerprint": "42WmSpB8rSM=",
            "labels": null,
            "machine_type": "f1-micro",
            "metadata": null,
            "metadata_fingerprint": "GHRFom8SDrg=",
            "metadata_startup_script": "apt-get -y update \u0026\u0026 apt-get -y upgrade \u0026\u0026 apt-get -y install apache2 \u0026\u0026 systemctl start apache2",
            "min_cpu_platform": "",
            "name": "canard",
            "network_interface": [
              {
                "access_config": [
                  {
                    "nat_ip": "35.237.184.69",
                    "network_tier": "PREMIUM",
                    "public_ptr_domain_name": ""
                  }
                ],
                "alias_ip_range": [],
                "name": "nic0",
                "network": "https://www.googleapis.com/compute/v1/projects/data-segment-304402/global/networks/devoir1",
                "network_ip": "192.168.42.2",
                "subnetwork": "https://www.googleapis.com/compute/v1/projects/data-segment-304402/regions/us-east1/subnetworks/prod-dmz",
                "subnetwork_project": "data-segment-304402"
              }
            ],
            "project": "data-segment-304402",
            "resource_policies": null,
            "scheduling": [
              {
                "automatic_restart": true,
                "node_affinities": [],
                "on_host_maintenance": "MIGRATE",
                "preemptible": false
              }
            ],
            "scratch_disk": [],
            "self_link": "https://www.googleapis.com/compute/v1/projects/data-segment-304402/zones/us-east1-c/instances/canard",
            "service_account": [],
            "shielded_instance_config": [
              {
                "enable_integrity_monitoring": true,
                "enable_secure_boot": false,
                "enable_vtpm": true
              }
            ],
            "tags": [
              "public"
            ],
            "tags_fingerprint": "ubqgePYPDQc=",
            "timeouts": null,
            "zone": "us-east1-c"
          },
          "sensitive_attributes": [],
          "private": "eyJlMmJmYjczMC1lY2FhLTExZTYtOGY4OC0zNDM2M2JjN2M0YzAiOnsiY3JlYXRlIjoxMjAwMDAwMDAwMDAwLCJkZWxldGUiOjEyMDAwMDAwMDAwMDAsInVwZGF0ZSI6MTIwMDAwMDAwMDAwMH0sInNjaGVtYV92ZXJzaW9uIjoiNiJ9",
          "dependencies": [
            "google_compute_network.devoir1",
            "google_compute_subnetwork.prod-dmz"
          ]
        }
      ]
    },
    {
      "mode": "managed",
      "type": "google_compute_instance",
      "name": "etcd1",
      "provider": "provider[\"registry.terraform.io/hashicorp/google\"]",
      "instances": [
        {
          "schema_version": 6,
          "attributes": {
            "allow_stopping_for_update": null,
            "attached_disk": [],
            "boot_disk": [
              {
                "auto_delete": true,
                "device_name": "persistent-disk-0",
                "disk_encryption_key_raw": "",
                "disk_encryption_key_sha256": "",
                "initialize_params": [
                  {
                    "image": "https://www.googleapis.com/compute/v1/projects/fedora-coreos-cloud/global/images/fedora-coreos-33-20210201-3-0-gcp-x86-64",
                    "labels": {},
                    "size": 8,
                    "type": "pd-standard"
                  }
                ],
                "kms_key_self_link": "",
                "mode": "READ_WRITE",
                "source": "https://www.googleapis.com/compute/v1/projects/data-segment-304402/zones/us-east1-c/disks/etcd1"
              }
            ],
            "can_ip_forward": false,
            "confidential_instance_config": [],
            "cpu_platform": "Intel Haswell",
            "current_status": "RUNNING",
            "deletion_protection": false,
            "description": "",
            "desired_status": null,
            "enable_display": false,
            "guest_accelerator": [],
            "hostname": "",
            "id": "projects/data-segment-304402/zones/us-east1-c/instances/etcd1",
            "instance_id": "531664658920602587",
            "label_fingerprint": "42WmSpB8rSM=",
            "labels": null,
            "machine_type": "f1-micro",
            "metadata": null,
            "metadata_fingerprint": "tFbg1iFej-0=",
            "metadata_startup_script": "",
            "min_cpu_platform": "",
            "name": "etcd1",
            "network_interface": [
              {
                "access_config": [],
                "alias_ip_range": [],
                "name": "nic0",
                "network": "https://www.googleapis.com/compute/v1/projects/data-segment-304402/global/networks/devoir1",
                "network_ip": "10.0.3.4",
                "subnetwork": "https://www.googleapis.com/compute/v1/projects/data-segment-304402/regions/us-east1/subnetworks/mtl-backend",
                "subnetwork_project": "data-segment-304402"
              }
            ],
            "project": "data-segment-304402",
            "resource_policies": null,
            "scheduling": [
              {
                "automatic_restart": true,
                "node_affinities": [],
                "on_host_maintenance": "MIGRATE",
                "preemptible": false
              }
            ],
            "scratch_disk": [],
            "self_link": "https://www.googleapis.com/compute/v1/projects/data-segment-304402/zones/us-east1-c/instances/etcd1",
            "service_account": [],
            "shielded_instance_config": [
              {
                "enable_integrity_monitoring": true,
                "enable_secure_boot": false,
                "enable_vtpm": true
              }
            ],
            "tags": [
              "backend"
            ],
            "tags_fingerprint": "lw1rxEJIHXc=",
            "timeouts": null,
            "zone": "us-east1-c"
          },
          "sensitive_attributes": [],
          "private": "eyJlMmJmYjczMC1lY2FhLTExZTYtOGY4OC0zNDM2M2JjN2M0YzAiOnsiY3JlYXRlIjoxMjAwMDAwMDAwMDAwLCJkZWxldGUiOjEyMDAwMDAwMDAwMDAsInVwZGF0ZSI6MTIwMDAwMDAwMDAwMH0sInNjaGVtYV92ZXJzaW9uIjoiNiJ9",
          "dependencies": [
            "google_compute_network.devoir1",
            "google_compute_subnetwork.mtl-backend"
          ]
        }
      ]
    },
    {
      "mode": "managed",
      "type": "google_compute_instance",
      "name": "etcd2",
      "provider": "provider[\"registry.terraform.io/hashicorp/google\"]",
      "instances": [
        {
          "schema_version": 6,
          "attributes": {
            "allow_stopping_for_update": null,
            "attached_disk": [],
            "boot_disk": [
              {
                "auto_delete": true,
                "device_name": "persistent-disk-0",
                "disk_encryption_key_raw": "",
                "disk_encryption_key_sha256": "",
                "initialize_params": [
                  {
                    "image": "https://www.googleapis.com/compute/v1/projects/fedora-coreos-cloud/global/images/fedora-coreos-33-20210201-3-0-gcp-x86-64",
                    "labels": {},
                    "size": 8,
                    "type": "pd-standard"
                  }
                ],
                "kms_key_self_link": "",
                "mode": "READ_WRITE",
                "source": "https://www.googleapis.com/compute/v1/projects/data-segment-304402/zones/us-east1-c/disks/etcd2"
              }
            ],
            "can_ip_forward": false,
            "confidential_instance_config": [],
            "cpu_platform": "Intel Haswell",
            "current_status": "RUNNING",
            "deletion_protection": false,
            "description": "",
            "desired_status": null,
            "enable_display": false,
            "guest_accelerator": [],
            "hostname": "",
            "id": "projects/data-segment-304402/zones/us-east1-c/instances/etcd2",
            "instance_id": "6878391016799828955",
            "label_fingerprint": "42WmSpB8rSM=",
            "labels": null,
            "machine_type": "f1-micro",
            "metadata": null,
            "metadata_fingerprint": "tFbg1iFej-0=",
            "metadata_startup_script": "",
            "min_cpu_platform": "",
            "name": "etcd2",
            "network_interface": [
              {
                "access_config": [],
                "alias_ip_range": [],
                "name": "nic0",
                "network": "https://www.googleapis.com/compute/v1/projects/data-segment-304402/global/networks/devoir1",
                "network_ip": "10.0.3.3",
                "subnetwork": "https://www.googleapis.com/compute/v1/projects/data-segment-304402/regions/us-east1/subnetworks/mtl-backend",
                "subnetwork_project": "data-segment-304402"
              }
            ],
            "project": "data-segment-304402",
            "resource_policies": null,
            "scheduling": [
              {
                "automatic_restart": true,
                "node_affinities": [],
                "on_host_maintenance": "MIGRATE",
                "preemptible": false
              }
            ],
            "scratch_disk": [],
            "self_link": "https://www.googleapis.com/compute/v1/projects/data-segment-304402/zones/us-east1-c/instances/etcd2",
            "service_account": [],
            "shielded_instance_config": [
              {
                "enable_integrity_monitoring": true,
                "enable_secure_boot": false,
                "enable_vtpm": true
              }
            ],
            "tags": [
              "backend"
            ],
            "tags_fingerprint": "lw1rxEJIHXc=",
            "timeouts": null,
            "zone": "us-east1-c"
          },
          "sensitive_attributes": [],
          "private": "eyJlMmJmYjczMC1lY2FhLTExZTYtOGY4OC0zNDM2M2JjN2M0YzAiOnsiY3JlYXRlIjoxMjAwMDAwMDAwMDAwLCJkZWxldGUiOjEyMDAwMDAwMDAwMDAsInVwZGF0ZSI6MTIwMDAwMDAwMDAwMH0sInNjaGVtYV92ZXJzaW9uIjoiNiJ9",
          "dependencies": [
            "google_compute_network.devoir1",
            "google_compute_subnetwork.mtl-backend"
          ]
        }
      ]
    },
    {
      "mode": "managed",
      "type": "google_compute_instance",
      "name": "etcd3",
      "provider": "provider[\"registry.terraform.io/hashicorp/google\"]",
      "instances": [
        {
          "schema_version": 6,
          "attributes": {
            "allow_stopping_for_update": null,
            "attached_disk": [],
            "boot_disk": [
              {
                "auto_delete": true,
                "device_name": "persistent-disk-0",
                "disk_encryption_key_raw": "",
                "disk_encryption_key_sha256": "",
                "initialize_params": [
                  {
                    "image": "https://www.googleapis.com/compute/v1/projects/fedora-coreos-cloud/global/images/fedora-coreos-33-20210201-3-0-gcp-x86-64",
                    "labels": {},
                    "size": 8,
                    "type": "pd-standard"
                  }
                ],
                "kms_key_self_link": "",
                "mode": "READ_WRITE",
                "source": "https://www.googleapis.com/compute/v1/projects/data-segment-304402/zones/us-east1-c/disks/etcd3"
              }
            ],
            "can_ip_forward": false,
            "confidential_instance_config": [],
            "cpu_platform": "Intel Haswell",
            "current_status": "RUNNING",
            "deletion_protection": false,
            "description": "",
            "desired_status": null,
            "enable_display": false,
            "guest_accelerator": [],
            "hostname": "",
            "id": "projects/data-segment-304402/zones/us-east1-c/instances/etcd3",
            "instance_id": "9039409159016512475",
            "label_fingerprint": "42WmSpB8rSM=",
            "labels": null,
            "machine_type": "f1-micro",
            "metadata": null,
            "metadata_fingerprint": "tFbg1iFej-0=",
            "metadata_startup_script": "",
            "min_cpu_platform": "",
            "name": "etcd3",
            "network_interface": [
              {
                "access_config": [],
                "alias_ip_range": [],
                "name": "nic0",
                "network": "https://www.googleapis.com/compute/v1/projects/data-segment-304402/global/networks/devoir1",
                "network_ip": "10.0.3.2",
                "subnetwork": "https://www.googleapis.com/compute/v1/projects/data-segment-304402/regions/us-east1/subnetworks/mtl-backend",
                "subnetwork_project": "data-segment-304402"
              }
            ],
            "project": "data-segment-304402",
            "resource_policies": null,
            "scheduling": [
              {
                "automatic_restart": true,
                "node_affinities": [],
                "on_host_maintenance": "MIGRATE",
                "preemptible": false
              }
            ],
            "scratch_disk": [],
            "self_link": "https://www.googleapis.com/compute/v1/projects/data-segment-304402/zones/us-east1-c/instances/etcd3",
            "service_account": [],
            "shielded_instance_config": [
              {
                "enable_integrity_monitoring": true,
                "enable_secure_boot": false,
                "enable_vtpm": true
              }
            ],
            "tags": [
              "backend"
            ],
            "tags_fingerprint": "lw1rxEJIHXc=",
            "timeouts": null,
            "zone": "us-east1-c"
          },
          "sensitive_attributes": [],
          "private": "eyJlMmJmYjczMC1lY2FhLTExZTYtOGY4OC0zNDM2M2JjN2M0YzAiOnsiY3JlYXRlIjoxMjAwMDAwMDAwMDAwLCJkZWxldGUiOjEyMDAwMDAwMDAwMDAsInVwZGF0ZSI6MTIwMDAwMDAwMDAwMH0sInNjaGVtYV92ZXJzaW9uIjoiNiJ9",
          "dependencies": [
            "google_compute_network.devoir1",
            "google_compute_subnetwork.mtl-backend"
          ]
        }
      ]
    },
    {
      "mode": "managed",
      "type": "google_compute_instance",
      "name": "fermier",
      "provider": "provider[\"registry.terraform.io/hashicorp/google\"]",
      "instances": [
        {
          "schema_version": 6,
          "attributes": {
            "allow_stopping_for_update": null,
            "attached_disk": [],
            "boot_disk": [
              {
                "auto_delete": true,
                "device_name": "persistent-disk-0",
                "disk_encryption_key_raw": "",
                "disk_encryption_key_sha256": "",
                "initialize_params": [
                  {
                    "image": "https://www.googleapis.com/compute/v1/projects/ubuntu-os-cloud/global/images/ubuntu-1604-xenial-v20210224",
                    "labels": {},
                    "size": 10,
                    "type": "pd-standard"
                  }
                ],
                "kms_key_self_link": "",
                "mode": "READ_WRITE",
                "source": "https://www.googleapis.com/compute/v1/projects/data-segment-304402/zones/us-east1-c/disks/fermier"
              }
            ],
            "can_ip_forward": false,
            "confidential_instance_config": [],
            "cpu_platform": "Intel Haswell",
            "current_status": "RUNNING",
            "deletion_protection": false,
            "description": "",
            "desired_status": null,
            "enable_display": false,
            "guest_accelerator": [],
            "hostname": "",
            "id": "projects/data-segment-304402/zones/us-east1-c/instances/fermier",
            "instance_id": "8515057849051085787",
            "label_fingerprint": "42WmSpB8rSM=",
            "labels": null,
            "machine_type": "f1-micro",
            "metadata": null,
            "metadata_fingerprint": "tFbg1iFej-0=",
            "metadata_startup_script": "",
            "min_cpu_platform": "",
            "name": "fermier",
            "network_interface": [
              {
                "access_config": [],
                "alias_ip_range": [],
                "name": "nic0",
                "network": "https://www.googleapis.com/compute/v1/projects/data-segment-304402/global/networks/devoir1",
                "network_ip": "10.0.46.2",
                "subnetwork": "https://www.googleapis.com/compute/v1/projects/data-segment-304402/regions/us-east1/subnetworks/prod-traitement",
                "subnetwork_project": "data-segment-304402"
              }
            ],
            "project": "data-segment-304402",
            "resource_policies": null,
            "scheduling": [
              {
                "automatic_restart": true,
                "node_affinities": [],
                "on_host_maintenance": "MIGRATE",
                "preemptible": false
              }
            ],
            "scratch_disk": [],
            "self_link": "https://www.googleapis.com/compute/v1/projects/data-segment-304402/zones/us-east1-c/instances/fermier",
            "service_account": [],
            "shielded_instance_config": [
              {
                "enable_integrity_monitoring": true,
                "enable_secure_boot": false,
                "enable_vtpm": true
              }
            ],
            "tags": [
              "workload"
            ],
            "tags_fingerprint": "5EUpivCzoVY=",
            "timeouts": null,
            "zone": "us-east1-c"
          },
          "sensitive_attributes": [],
          "private": "eyJlMmJmYjczMC1lY2FhLTExZTYtOGY4OC0zNDM2M2JjN2M0YzAiOnsiY3JlYXRlIjoxMjAwMDAwMDAwMDAwLCJkZWxldGUiOjEyMDAwMDAwMDAwMDAsInVwZGF0ZSI6MTIwMDAwMDAwMDAwMH0sInNjaGVtYV92ZXJzaW9uIjoiNiJ9",
          "dependencies": [
            "google_compute_network.devoir1",
            "google_compute_subnetwork.prod-traitement"
          ]
        }
      ]
    },
    {
      "mode": "managed",
      "type": "google_compute_instance",
      "name": "mouton",
      "provider": "provider[\"registry.terraform.io/hashicorp/google\"]",
      "instances": [
        {
          "schema_version": 6,
          "attributes": {
            "allow_stopping_for_update": null,
            "attached_disk": [],
            "boot_disk": [
              {
                "auto_delete": true,
                "device_name": "persistent-disk-0",
                "disk_encryption_key_raw": "",
                "disk_encryption_key_sha256": "",
                "initialize_params": [
                  {
                    "image": "https://www.googleapis.com/compute/v1/projects/fedora-coreos-cloud/global/images/fedora-coreos-33-20210201-3-0-gcp-x86-64",
                    "labels": {},
                    "size": 8,
                    "type": "pd-standard"
                  }
                ],
                "kms_key_self_link": "",
                "mode": "READ_WRITE",
                "source": "https://www.googleapis.com/compute/v1/projects/data-segment-304402/zones/us-east1-c/disks/mouton"
              }
            ],
            "can_ip_forward": false,
            "confidential_instance_config": [],
            "cpu_platform": "Intel Haswell",
            "current_status": "RUNNING",
            "deletion_protection": false,
            "description": "",
            "desired_status": null,
            "enable_display": false,
            "guest_accelerator": [],
            "hostname": "",
            "id": "projects/data-segment-304402/zones/us-east1-c/instances/mouton",
            "instance_id": "3150228145376295877",
            "label_fingerprint": "42WmSpB8rSM=",
            "labels": null,
            "machine_type": "f1-micro",
            "metadata": null,
            "metadata_fingerprint": "tFbg1iFej-0=",
            "metadata_startup_script": "",
            "min_cpu_platform": "",
            "name": "mouton",
            "network_interface": [
              {
                "access_config": [
                  {
                    "nat_ip": "35.185.69.31",
                    "network_tier": "PREMIUM",
                    "public_ptr_domain_name": ""
                  }
                ],
                "alias_ip_range": [],
                "name": "nic0",
                "network": "https://www.googleapis.com/compute/v1/projects/data-segment-304402/global/networks/devoir1",
                "network_ip": "172.16.5.2",
                "subnetwork": "https://www.googleapis.com/compute/v1/projects/data-segment-304402/regions/us-east1/subnetworks/prod-interne",
                "subnetwork_project": "data-segment-304402"
              }
            ],
            "project": "data-segment-304402",
            "resource_policies": null,
            "scheduling": [
              {
                "automatic_restart": true,
                "node_affinities": [],
                "on_host_maintenance": "MIGRATE",
                "preemptible": false
              }
            ],
            "scratch_disk": [],
            "self_link": "https://www.googleapis.com/compute/v1/projects/data-segment-304402/zones/us-east1-c/instances/mouton",
            "service_account": [],
            "shielded_instance_config": [
              {
                "enable_integrity_monitoring": true,
                "enable_secure_boot": false,
                "enable_vtpm": true
              }
            ],
            "tags": [
              "public"
            ],
            "tags_fingerprint": "ubqgePYPDQc=",
            "timeouts": null,
            "zone": "us-east1-c"
          },
          "sensitive_attributes": [],
          "private": "eyJlMmJmYjczMC1lY2FhLTExZTYtOGY4OC0zNDM2M2JjN2M0YzAiOnsiY3JlYXRlIjoxMjAwMDAwMDAwMDAwLCJkZWxldGUiOjEyMDAwMDAwMDAwMDAsInVwZGF0ZSI6MTIwMDAwMDAwMDAwMH0sInNjaGVtYV92ZXJzaW9uIjoiNiJ9",
          "dependencies": [
            "google_compute_network.devoir1",
            "google_compute_subnetwork.prod-interne"
          ]
        }
      ]
    },
    {
      "mode": "managed",
      "type": "google_compute_instance_group_manager",
      "name": "cr460-workload-gm",
      "provider": "provider[\"registry.terraform.io/hashicorp/google\"]",
      "instances": [
        {
          "schema_version": 0,
          "attributes": {
            "auto_healing_policies": [],
            "base_instance_name": "cheval",
            "description": "",
            "fingerprint": "XiyDpgfpXVU=",
            "id": "projects/data-segment-304402/zones/us-east1-c/instanceGroupManagers/cr460-workload-gm",
            "instance_group": "https://www.googleapis.com/compute/v1/projects/data-segment-304402/zones/us-east1-c/instanceGroups/cr460-workload-gm",
            "name": "cr460-workload-gm",
            "named_port": [],
            "operation": null,
            "project": "data-segment-304402",
            "self_link": "https://www.googleapis.com/compute/v1/projects/data-segment-304402/zones/us-east1-c/instanceGroupManagers/cr460-workload-gm",
            "stateful_disk": [],
            "target_pools": null,
            "target_size": 0,
            "timeouts": null,
            "update_policy": [
              {
                "max_surge_fixed": 1,
                "max_surge_percent": 0,
                "max_unavailable_fixed": 1,
                "max_unavailable_percent": 0,
                "min_ready_sec": 0,
                "minimal_action": "REPLACE",
                "replacement_method": "SUBSTITUTE",
                "type": "OPPORTUNISTIC"
              }
            ],
            "version": [
              {
                "instance_template": "https://www.googleapis.com/compute/v1/projects/data-segment-304402/global/instanceTemplates/cr460-cheval-template",
                "name": "primary",
                "target_size": []
              }
            ],
            "wait_for_instances": false,
            "zone": "us-east1-c"
          },
          "sensitive_attributes": [],
          "private": "eyJlMmJmYjczMC1lY2FhLTExZTYtOGY4OC0zNDM2M2JjN2M0YzAiOnsiY3JlYXRlIjozMDAwMDAwMDAwMDAsImRlbGV0ZSI6OTAwMDAwMDAwMDAwLCJ1cGRhdGUiOjMwMDAwMDAwMDAwMH19",
          "dependencies": [
            "google_compute_instance_template.cr460-cheval-template",
            "google_compute_network.devoir1",
            "google_compute_subnetwork.prod-traitement"
          ]
        }
      ]
    },
    {
      "mode": "managed",
      "type": "google_compute_instance_template",
      "name": "cr460-cheval-template",
      "provider": "provider[\"registry.terraform.io/hashicorp/google\"]",
      "instances": [
        {
          "schema_version": 1,
          "attributes": {
            "can_ip_forward": true,
            "confidential_instance_config": null,
            "description": "",
            "disk": [
              {
                "auto_delete": true,
                "boot": true,
                "device_name": "persistent-disk-0",
                "disk_encryption_key": [],
                "disk_name": "",
                "disk_size_gb": 0,
                "disk_type": "pd-standard",
                "interface": "SCSI",
                "labels": null,
                "mode": "READ_WRITE",
                "resource_policies": null,
                "source": "",
                "source_image": "projects/fedora-coreos-cloud/global/images/family/fedora-coreos-stable",
                "type": "PERSISTENT"
              }
            ],
            "enable_display": null,
            "guest_accelerator": [],
            "id": "projects/data-segment-304402/global/instanceTemplates/cr460-cheval-template",
            "instance_description": "",
            "labels": null,
            "machine_type": "n1-standard-1",
            "metadata": null,
            "metadata_fingerprint": "tFbg1iFej-0=",
            "metadata_startup_script": null,
            "min_cpu_platform": "",
            "name": "cr460-cheval-template",
            "name_prefix": null,
            "network_interface": [
              {
                "access_config": [
                  {
                    "nat_ip": "",
                    "network_tier": "PREMIUM",
                    "public_ptr_domain_name": ""
                  }
                ],
                "alias_ip_range": [],
                "name": "nic0",
                "network": "https://www.googleapis.com/compute/v1/projects/data-segment-304402/global/networks/devoir1",
                "network_ip": "",
                "subnetwork": "https://www.googleapis.com/compute/v1/projects/data-segment-304402/regions/us-east1/subnetworks/prod-traitement",
                "subnetwork_project": "data-segment-304402"
              }
            ],
            "project": "data-segment-304402",
            "region": "us-east1",
            "scheduling": [
              {
                "automatic_restart": true,
                "node_affinities": [],
                "on_host_maintenance": "MIGRATE",
                "preemptible": false
              }
            ],
            "self_link": "https://www.googleapis.com/compute/beta/projects/data-segment-304402/global/instanceTemplates/cr460-cheval-template",
            "service_account": [],
            "shielded_instance_config": [],
            "tags": [
              "workload"
            ],
            "tags_fingerprint": "",
            "timeouts": null
          },
          "sensitive_attributes": [],
          "private": "eyJlMmJmYjczMC1lY2FhLTExZTYtOGY4OC0zNDM2M2JjN2M0YzAiOnsiY3JlYXRlIjoyNDAwMDAwMDAwMDAsImRlbGV0ZSI6MjQwMDAwMDAwMDAwfSwic2NoZW1hX3ZlcnNpb24iOiIxIn0=",
          "dependencies": [
            "google_compute_network.devoir1",
            "google_compute_subnetwork.prod-traitement"
          ]
        }
      ]
    },
    {
      "mode": "managed",
      "type": "google_compute_network",
      "name": "devoir1",
      "provider": "provider[\"registry.terraform.io/hashicorp/google\"]",
      "instances": [
        {
          "schema_version": 0,
          "attributes": {
            "auto_create_subnetworks": false,
            "delete_default_routes_on_create": false,
            "description": "",
            "gateway_ipv4": "",
            "id": "projects/data-segment-304402/global/networks/devoir1",
            "mtu": 0,
            "name": "devoir1",
            "project": "data-segment-304402",
            "routing_mode": "REGIONAL",
            "self_link": "https://www.googleapis.com/compute/v1/projects/data-segment-304402/global/networks/devoir1",
            "timeouts": null
          },
          "sensitive_attributes": [],
          "private": "eyJlMmJmYjczMC1lY2FhLTExZTYtOGY4OC0zNDM2M2JjN2M0YzAiOnsiY3JlYXRlIjoyNDAwMDAwMDAwMDAsImRlbGV0ZSI6MjQwMDAwMDAwMDAwLCJ1cGRhdGUiOjI0MDAwMDAwMDAwMH19"
        }
      ]
    },
    {
      "mode": "managed",
      "type": "google_compute_subnetwork",
      "name": "mtl-backend",
      "provider": "provider[\"registry.terraform.io/hashicorp/google\"]",
      "instances": [
        {
          "schema_version": 0,
          "attributes": {
            "creation_timestamp": "2021-02-27T14:18:06.244-08:00",
            "description": "",
            "fingerprint": null,
            "gateway_address": "10.0.3.1",
            "id": "projects/data-segment-304402/regions/us-east1/subnetworks/mtl-backend",
            "ip_cidr_range": "10.0.3.0/24",
            "log_config": [],
            "name": "mtl-backend",
            "network": "https://www.googleapis.com/compute/v1/projects/data-segment-304402/global/networks/devoir1",
            "private_ip_google_access": false,
            "private_ipv6_google_access": "DISABLE_GOOGLE_ACCESS",
            "project": "data-segment-304402",
            "region": "us-east1",
            "secondary_ip_range": [],
            "self_link": "https://www.googleapis.com/compute/v1/projects/data-segment-304402/regions/us-east1/subnetworks/mtl-backend",
            "timeouts": null
          },
          "sensitive_attributes": [],
          "private": "eyJlMmJmYjczMC1lY2FhLTExZTYtOGY4OC0zNDM2M2JjN2M0YzAiOnsiY3JlYXRlIjozNjAwMDAwMDAwMDAsImRlbGV0ZSI6MzYwMDAwMDAwMDAwLCJ1cGRhdGUiOjM2MDAwMDAwMDAwMH19",
          "dependencies": [
            "google_compute_network.devoir1"
          ]
        }
      ]
    },
    {
      "mode": "managed",
      "type": "google_compute_subnetwork",
      "name": "prod-dmz",
      "provider": "provider[\"registry.terraform.io/hashicorp/google\"]",
      "instances": [
        {
          "schema_version": 0,
          "attributes": {
            "creation_timestamp": "2021-02-27T14:18:06.399-08:00",
            "description": "",
            "fingerprint": null,
            "gateway_address": "192.168.42.1",
            "id": "projects/data-segment-304402/regions/us-east1/subnetworks/prod-dmz",
            "ip_cidr_range": "192.168.42.0/24",
            "log_config": [],
            "name": "prod-dmz",
            "network": "https://www.googleapis.com/compute/v1/projects/data-segment-304402/global/networks/devoir1",
            "private_ip_google_access": false,
            "private_ipv6_google_access": "DISABLE_GOOGLE_ACCESS",
            "project": "data-segment-304402",
            "region": "us-east1",
            "secondary_ip_range": [],
            "self_link": "https://www.googleapis.com/compute/v1/projects/data-segment-304402/regions/us-east1/subnetworks/prod-dmz",
            "timeouts": null
          },
          "sensitive_attributes": [],
          "private": "eyJlMmJmYjczMC1lY2FhLTExZTYtOGY4OC0zNDM2M2JjN2M0YzAiOnsiY3JlYXRlIjozNjAwMDAwMDAwMDAsImRlbGV0ZSI6MzYwMDAwMDAwMDAwLCJ1cGRhdGUiOjM2MDAwMDAwMDAwMH19",
          "dependencies": [
            "google_compute_network.devoir1"
          ]
        }
      ]
    },
    {
      "mode": "managed",
      "type": "google_compute_subnetwork",
      "name": "prod-interne",
      "provider": "provider[\"registry.terraform.io/hashicorp/google\"]",
      "instances": [
        {
          "schema_version": 0,
          "attributes": {
            "creation_timestamp": "2021-02-27T14:18:06.501-08:00",
            "description": "",
            "fingerprint": null,
            "gateway_address": "172.16.5.1",
            "id": "projects/data-segment-304402/regions/us-east1/subnetworks/prod-interne",
            "ip_cidr_range": "172.16.5.0/24",
            "log_config": [],
            "name": "prod-interne",
            "network": "https://www.googleapis.com/compute/v1/projects/data-segment-304402/global/networks/devoir1",
            "private_ip_google_access": false,
            "private_ipv6_google_access": "DISABLE_GOOGLE_ACCESS",
            "project": "data-segment-304402",
            "region": "us-east1",
            "secondary_ip_range": [],
            "self_link": "https://www.googleapis.com/compute/v1/projects/data-segment-304402/regions/us-east1/subnetworks/prod-interne",
            "timeouts": null
          },
          "sensitive_attributes": [],
          "private": "eyJlMmJmYjczMC1lY2FhLTExZTYtOGY4OC0zNDM2M2JjN2M0YzAiOnsiY3JlYXRlIjozNjAwMDAwMDAwMDAsImRlbGV0ZSI6MzYwMDAwMDAwMDAwLCJ1cGRhdGUiOjM2MDAwMDAwMDAwMH19",
          "dependencies": [
            "google_compute_network.devoir1"
          ]
        }
      ]
    },
    {
      "mode": "managed",
      "type": "google_compute_subnetwork",
      "name": "prod-traitement",
      "provider": "provider[\"registry.terraform.io/hashicorp/google\"]",
      "instances": [
        {
          "schema_version": 0,
          "attributes": {
            "creation_timestamp": "2021-02-27T14:18:06.467-08:00",
            "description": "",
            "fingerprint": null,
            "gateway_address": "10.0.46.1",
            "id": "projects/data-segment-304402/regions/us-east1/subnetworks/prod-traitement",
            "ip_cidr_range": "10.0.46.0/24",
            "log_config": [],
            "name": "prod-traitement",
            "network": "https://www.googleapis.com/compute/v1/projects/data-segment-304402/global/networks/devoir1",
            "private_ip_google_access": false,
            "private_ipv6_google_access": "DISABLE_GOOGLE_ACCESS",
            "project": "data-segment-304402",
            "region": "us-east1",
            "secondary_ip_range": [],
            "self_link": "https://www.googleapis.com/compute/v1/projects/data-segment-304402/regions/us-east1/subnetworks/prod-traitement",
            "timeouts": null
          },
          "sensitive_attributes": [],
          "private": "eyJlMmJmYjczMC1lY2FhLTExZTYtOGY4OC0zNDM2M2JjN2M0YzAiOnsiY3JlYXRlIjozNjAwMDAwMDAwMDAsImRlbGV0ZSI6MzYwMDAwMDAwMDAwLCJ1cGRhdGUiOjM2MDAwMDAwMDAwMH19",
          "dependencies": [
            "google_compute_network.devoir1"
          ]
        }
      ]
    },
    {
      "mode": "managed",
      "type": "google_service_account",
      "name": "mapaq12",
      "provider": "provider[\"registry.terraform.io/hashicorp/google\"]",
      "instances": [
        {
          "schema_version": 0,
          "attributes": {
            "account_id": "data-segment-304402",
            "description": "",
            "display_name": "service_mapaq12",
            "email": "data-segment-304402@data-segment-304402.iam.gserviceaccount.com",
            "id": "projects/data-segment-304402/serviceAccounts/data-segment-304402@data-segment-304402.iam.gserviceaccount.com",
            "name": "projects/data-segment-304402/serviceAccounts/data-segment-304402@data-segment-304402.iam.gserviceaccount.com",
            "project": "data-segment-304402",
            "timeouts": null,
            "unique_id": "105195133653388622910"
          },
          "sensitive_attributes": [],
          "private": "eyJlMmJmYjczMC1lY2FhLTExZTYtOGY4OC0zNDM2M2JjN2M0YzAiOnsiY3JlYXRlIjozMDAwMDAwMDAwMDB9fQ=="
        }
      ]
    },
    {
      "mode": "managed",
      "type": "google_service_account_key",
      "name": "mykey",
      "provider": "provider[\"registry.terraform.io/hashicorp/google\"]",
      "instances": [
        {
          "schema_version": 0,
          "attributes": {
            "id": "projects/data-segment-304402/serviceAccounts/data-segment-304402@data-segment-304402.iam.gserviceaccount.com/keys/cbc43150ff7f07794b3689a1f46e7091f4fe50a8",
            "keepers": null,
            "key_algorithm": "KEY_ALG_RSA_2048",
            "name": "projects/data-segment-304402/serviceAccounts/data-segment-304402@data-segment-304402.iam.gserviceaccount.com/keys/cbc43150ff7f07794b3689a1f46e7091f4fe50a8",
            "private_key": "ewogICJ0eXBlIjogInNlcnZpY2VfYWNjb3VudCIsCiAgInByb2plY3RfaWQiOiAiZGF0YS1zZWdtZW50LTMwNDQwMiIsCiAgInByaXZhdGVfa2V5X2lkIjogImNiYzQzMTUwZmY3ZjA3Nzk0YjM2ODlhMWY0NmU3MDkxZjRmZTUwYTgiLAogICJwcml2YXRlX2tleSI6ICItLS0tLUJFR0lOIFBSSVZBVEUgS0VZLS0tLS1cbk1JSUV2UUlCQURBTkJna3Foa2lHOXcwQkFRRUZBQVNDQktjd2dnU2pBZ0VBQW9JQkFRREU2Y1BUNkVMeldDbnpcbm1EYVRxRjNHYzE1dFdBbVNQVGtqaEVyYW51a3pZSGVsaTl5TUozVHlqQmNNZ3JmN3hRVHFmdWU0U1ZQUGNVTFlcbnViRHpEaG1LSCttNFpCZDBYWUV5ZWpZcDc4TzdZRW9oL1M4cEZoUDdDRmoyRTZ1ME4zVlpNYUlaaU5YUElBOFhcblhDRXY1MlA0M0poL05sYS9hRW1odDEybXJkOGlOTXVNTkY2UEpCMXQrVkt2ZFhTMWlKQnVWMU1MdDBlTTNXRlhcblJlQWxZVTR3UFg3b3ppQTNGWGVpdFBBSEhNQ0tsNnd3cHROZTM5QzRuQ29uVEJKdnpHQURwN0ZVUUd3TmE3VW1cbk4zbVcwVjluZ01aMzRZOWM0eVF6YTN1WWxsUlZhZUJ3b0J0SHNva2c2aDUrSk5DTGNOcDc2djIrbVEydjdweVFcbjNOQTRVaW5QQWdNQkFBRUNnZ0VBWW1wL29JSytLNGVOK0J6RWNrbzlERG1QSVZGVi8wd3dLYXN1Q2xSUU00aHNcblpFWWg1YjYydVo4QXloVHZSWnR6Mkl1eTNxMXZnUWVYcEdBeXExZ0p0Ym83Z3hncmpOSkxCMktEZmJSQy9IeWtcbnNKWXRJdmpRNWErSFh2MzMzR3UzYit2Wm02K0RSVEU5dWF3blBoMEZIMVdKdGxML1NrMGlOL3hBaDFUeFo5TmdcbnVRSkthVXpPWURoZTRDUURJT2pIeklVaHdTM2pyNUpKbWNnelNCODdWK2VWTkk2dVAzeDVEeTJqSkgxVWVKanRcbnBaV3hmNDlMM25CaTJDdTJ2a3FRUGk1cG0vc211TndMc25ZQ3BScVNQWDhoRTlnTkw2THRodHM1Sm5QVmEreWVcbjdkc2d6Z004QmIxbGEzMlpiQVpHU25JWUo2V2wrUTNrMVZXQUtndVBrUUtCZ1FEbnZQY0dObUl3R3g4aWs2STZcbkRkNW5RSXJLZG5iU2dUbEROOS9WbHRENDZ1cWxrUnR6WkpSUW1obk96SEhJVTQ3K1N2aUJpRTArQitHNWhtZGxcbnZySGxMZlluc2tySC90cWhydEE5elgwb0o3bDdMWmVUZjJoVlhPeHo3WFJoMGliM01VRmpESTBwUlArREVoSDBcbldyZGRSU2YrMXZMalROZlB4cGtCUkNvTlNRS0JnUURaaDJ3R1B6em1kaHBHYlJHMGRqRlJmVXErMmlRcWNTUjZcbjBLeHhsR0hsbjdZdE5lOTVZdkpoY1R4Yzluc1pibzJFNW4yNHZJUldZeUlNbFo1cHVrck1ySVFMYmxyZzdycE9cbmltTy9PSE1Sc2RRamNrdkovUW5KQ0ZhWGpHVGJqMm9QaEUyYksrbS91N1IvbTNtaXphWUltM3AwVmhmR3I0N1Zcbk5LbnlWS2gyVndLQmdENVdBV2psWmlJa21ZcDJoaFB4dVJxekxPSnJYV2tnbzZPbU93cThaL2dkVVFNNmRsVGpcbkFGWnlMWEVJWTY4TWN4R0tYekNRMXA1U0JuRWVhMS9lSFFKV0M3bi81c2ZIa1U0ZXRSdDYxQ2ppRHEzSXhOWkRcblZuQm43NTc3aCt2c1dOanpvZkFmNXpUcnY0T2xiN2o0VWd5LzFwTmhoTEtKOEIrTy80ZHNxNWNwQW9HQkFNc0dcbk1OVjN5akJTeEYwOHlReUVUNjE5NGZoVkF2STEzVlZmVThOQ09VaW1rdEtKaDNQazNOSURiTkpiSGpOelVsUmJcbkI3WVhCUERYMzF5ZGZGZXpqc0tPdFVNeUFWSDBuaUJWMjVrS1o2TjVOTVRNbFYzMWRGK1VEN1dzVENuOEpZSkxcbitsNjhVcE1uN3VRMnlRVWhLVGpaWENZZWdGeHBXRWMzdXZJNC8yNUxBb0dBRWNFSGRNcXEwSUFTbm5vcVFKbDFcbi9uc0ZFZU84YnRPRlJtSWFrZ1JVU3RqRFRGYnJlcmVHNXduTnZxQXQzV2R0bGpBV2I4Zzd5aWtQM0hjeVNvNUJcbk1wemMvQkVGbWlwNUpVWStXTzdTakRWUWVRdU5DOVFGS0JTcnVBWGY2RHNZVjlXQTFoSUwybERRU2twTWZOTUZcbjREOUJEdmI2WWdRV3RkSmpMZVZZMjNJPVxuLS0tLS1FTkQgUFJJVkFURSBLRVktLS0tLVxuIiwKICAiY2xpZW50X2VtYWlsIjogImRhdGEtc2VnbWVudC0zMDQ0MDJAZGF0YS1zZWdtZW50LTMwNDQwMi5pYW0uZ3NlcnZpY2VhY2NvdW50LmNvbSIsCiAgImNsaWVudF9pZCI6ICIxMDUxOTUxMzM2NTMzODg2MjI5MTAiLAogICJhdXRoX3VyaSI6ICJodHRwczovL2FjY291bnRzLmdvb2dsZS5jb20vby9vYXV0aDIvYXV0aCIsCiAgInRva2VuX3VyaSI6ICJodHRwczovL29hdXRoMi5nb29nbGVhcGlzLmNvbS90b2tlbiIsCiAgImF1dGhfcHJvdmlkZXJfeDUwOV9jZXJ0X3VybCI6ICJodHRwczovL3d3dy5nb29nbGVhcGlzLmNvbS9vYXV0aDIvdjEvY2VydHMiLAogICJjbGllbnRfeDUwOV9jZXJ0X3VybCI6ICJodHRwczovL3d3dy5nb29nbGVhcGlzLmNvbS9yb2JvdC92MS9tZXRhZGF0YS94NTA5L2RhdGEtc2VnbWVudC0zMDQ0MDIlNDBkYXRhLXNlZ21lbnQtMzA0NDAyLmlhbS5nc2VydmljZWFjY291bnQuY29tIgp9Cg==",
            "private_key_type": "TYPE_GOOGLE_CREDENTIALS_FILE",
            "public_key": "LS0tLS1CRUdJTiBDRVJUSUZJQ0FURS0tLS0tCk1JSUMvRENDQWVTZ0F3SUJBZ0lJQXorOWFRamUxMDh3RFFZSktvWklodmNOQVFFRkJRQXdJREVlTUJ3R0ExVUUKQXhNVk1UQTFNVGsxTVRNek5qVXpNemc0TmpJeU9URXdNQ0FYRFRJeE1ESXlOekl5TVRjME5Wb1lEems1T1RreApNak14TWpNMU9UVTVXakFnTVI0d0hBWURWUVFERXhVeE1EVXhPVFV4TXpNMk5UTXpPRGcyTWpJNU1UQXdnZ0VpCk1BMEdDU3FHU0liM0RRRUJBUVVBQTRJQkR3QXdnZ0VLQW9JQkFRREU2Y1BUNkVMeldDbnptRGFUcUYzR2MxNXQKV0FtU1BUa2poRXJhbnVrellIZWxpOXlNSjNUeWpCY01ncmY3eFFUcWZ1ZTRTVlBQY1VMWXViRHpEaG1LSCttNApaQmQwWFlFeWVqWXA3OE83WUVvaC9TOHBGaFA3Q0ZqMkU2dTBOM1ZaTWFJWmlOWFBJQThYWENFdjUyUDQzSmgvCk5sYS9hRW1odDEybXJkOGlOTXVNTkY2UEpCMXQrVkt2ZFhTMWlKQnVWMU1MdDBlTTNXRlhSZUFsWVU0d1BYN28KemlBM0ZYZWl0UEFISE1DS2w2d3dwdE5lMzlDNG5Db25UQkp2ekdBRHA3RlVRR3dOYTdVbU4zbVcwVjluZ01aMwo0WTljNHlRemEzdVlsbFJWYWVCd29CdEhzb2tnNmg1K0pOQ0xjTnA3NnYyK21RMnY3cHlRM05BNFVpblBBZ01CCkFBR2pPREEyTUF3R0ExVWRFd0VCL3dRQ01BQXdEZ1lEVlIwUEFRSC9CQVFEQWdlQU1CWUdBMVVkSlFFQi93UU0KTUFvR0NDc0dBUVVGQndNQ01BMEdDU3FHU0liM0RRRUJCUVVBQTRJQkFRQUdqaHljbmFmSHUvdzZBWXhrZU1lMQo2V1c2c094REFadG8zVWNVVjlwS2YwMytuSWRQTmt2ZnZERkdNTWFWT05VbjdVS2NPRVNhYWFZMFZLVlBERTNCCjRoYzRSakpsRDRDbnVyTjk0OUZWZ0RCaTVUMVU0MUx5MWZuYnJjM250U3RDaERKUjc1V3p5dmFJTjU5UElnT1UKMFRyMWRYZG42cXM4b2ozSllRVUNsRjVIOURBVVAwdHdFTzd6U3VQdStnS3plaGx6K1RwS0hsUzBPQUFxckh3MwpaWUpiT2ZVakYzcXhxS1BidmlFM1NlcHZTUFlPakpBNXlmSEEwbEtpWHFPT0hoY2NPNVFVMlJCZEM0eFZmeUJsClhzUFVVcnVmdk5oSW4vWlhicHE4ZzVNa1ZaUG5iOVIwdXBOa05SSUJDTFlDVEdlSTRrb3p3QjNHNURnVnZsQWkKLS0tLS1FTkQgQ0VSVElGSUNBVEUtLS0tLQo=",
            "public_key_data": null,
            "public_key_type": "TYPE_X509_PEM_FILE",
            "service_account_id": "projects/data-segment-304402/serviceAccounts/data-segment-304402@data-segment-304402.iam.gserviceaccount.com",
            "valid_after": "2021-02-27T22:17:45Z",
            "valid_before": "9999-12-31T23:59:59Z"
          },
          "sensitive_attributes": [],
          "private": "bnVsbA==",
          "dependencies": [
            "google_service_account.mapaq12"
          ]
        }
      ]
    }
  ]
}
