{
  "version": 4,
  "terraform_version": "0.14.6",
  "serial": 100,
  "lineage": "fbbb5272-916e-543e-6853-de689a2cf426",
  "outputs": {
    "instance_address": {
      "value": "34.75.252.11",
      "type": "string"
    }
  },
  "resources": [
    {
      "mode": "data",
      "type": "google_compute_network",
      "name": "default-network",
      "provider": "provider[\"registry.terraform.io/hashicorp/google\"]",
      "instances": [
        {
          "schema_version": 0,
          "attributes": {
            "description": "Default network for the project",
            "gateway_ipv4": "",
            "id": "projects/data-segment-304402/global/networks/default",
            "name": "default",
            "project": "data-segment-304402",
            "self_link": "https://www.googleapis.com/compute/v1/projects/data-segment-304402/global/networks/default",
            "subnetworks_self_links": [
              "https://www.googleapis.com/compute/v1/projects/data-segment-304402/regions/europe-west4/subnetworks/default",
              "https://www.googleapis.com/compute/v1/projects/data-segment-304402/regions/asia-east2/subnetworks/default",
              "https://www.googleapis.com/compute/v1/projects/data-segment-304402/regions/asia-northeast2/subnetworks/default",
              "https://www.googleapis.com/compute/v1/projects/data-segment-304402/regions/us-west4/subnetworks/default",
              "https://www.googleapis.com/compute/v1/projects/data-segment-304402/regions/europe-west1/subnetworks/default",
              "https://www.googleapis.com/compute/v1/projects/data-segment-304402/regions/asia-southeast1/subnetworks/default",
              "https://www.googleapis.com/compute/v1/projects/data-segment-304402/regions/asia-northeast3/subnetworks/default",
              "https://www.googleapis.com/compute/v1/projects/data-segment-304402/regions/us-west2/subnetworks/default",
              "https://www.googleapis.com/compute/v1/projects/data-segment-304402/regions/europe-west6/subnetworks/default",
              "https://www.googleapis.com/compute/v1/projects/data-segment-304402/regions/europe-north1/subnetworks/default",
              "https://www.googleapis.com/compute/v1/projects/data-segment-304402/regions/us-west3/subnetworks/default",
              "https://www.googleapis.com/compute/v1/projects/data-segment-304402/regions/europe-west3/subnetworks/default",
              "https://www.googleapis.com/compute/v1/projects/data-segment-304402/regions/us-east1/subnetworks/default",
              "https://www.googleapis.com/compute/v1/projects/data-segment-304402/regions/asia-east1/subnetworks/default",
              "https://www.googleapis.com/compute/v1/projects/data-segment-304402/regions/asia-southeast2/subnetworks/default",
              "https://www.googleapis.com/compute/v1/projects/data-segment-304402/regions/southamerica-east1/subnetworks/default",
              "https://www.googleapis.com/compute/v1/projects/data-segment-304402/regions/us-east4/subnetworks/default",
              "https://www.googleapis.com/compute/v1/projects/data-segment-304402/regions/northamerica-northeast1/subnetworks/default",
              "https://www.googleapis.com/compute/v1/projects/data-segment-304402/regions/us-west1/subnetworks/default",
              "https://www.googleapis.com/compute/v1/projects/data-segment-304402/regions/us-central1/subnetworks/default",
              "https://www.googleapis.com/compute/v1/projects/data-segment-304402/regions/asia-northeast1/subnetworks/default",
              "https://www.googleapis.com/compute/v1/projects/data-segment-304402/regions/europe-west2/subnetworks/default",
              "https://www.googleapis.com/compute/v1/projects/data-segment-304402/regions/asia-south1/subnetworks/default",
              "https://www.googleapis.com/compute/v1/projects/data-segment-304402/regions/australia-southeast1/subnetworks/default"
            ]
          },
          "sensitive_attributes": []
        }
      ]
    },
    {
      "mode": "data",
      "type": "google_project",
      "name": "default-project",
      "provider": "provider[\"registry.terraform.io/hashicorp/google\"]",
      "instances": [
        {
          "schema_version": 0,
          "attributes": {
            "auto_create_network": null,
            "billing_account": null,
            "folder_id": null,
            "id": "projects/data-segment-304402",
            "labels": {},
            "name": "My First Project",
            "number": "961644410775",
            "org_id": null,
            "project_id": "data-segment-304402",
            "skip_delete": null
          },
          "sensitive_attributes": []
        }
      ]
    },
    {
      "mode": "managed",
      "type": "google_compute_autoscaler",
      "name": "cr460-autoscaler",
      "provider": "provider[\"registry.terraform.io/hashicorp/google\"]",
      "instances": [
        {
          "schema_version": 0,
          "attributes": {
            "autoscaling_policy": [
              {
                "cooldown_period": 180,
                "cpu_utilization": [
                  {
                    "target": 0.77
                  }
                ],
                "load_balancing_utilization": [],
                "max_replicas": 6,
                "metric": [],
                "min_replicas": 1,
                "mode": "ON",
                "scale_in_control": []
              }
            ],
            "creation_timestamp": "2021-02-23T15:10:44.381-08:00",
            "description": "",
            "id": "projects/data-segment-304402/zones/us-east1-c/autoscalers/cr460-autoscaler",
            "name": "cr460-autoscaler",
            "project": "data-segment-304402",
            "self_link": "https://www.googleapis.com/compute/v1/projects/data-segment-304402/zones/us-east1-c/autoscalers/cr460-autoscaler",
            "target": "https://www.googleapis.com/compute/v1/projects/data-segment-304402/zones/us-east1-c/instanceGroupManagers/cr460-workload-gm",
            "timeouts": null,
            "zone": "https://www.googleapis.com/compute/v1/projects/data-segment-304402/zones/us-east1-c"
          },
          "sensitive_attributes": [],
          "private": "eyJlMmJmYjczMC1lY2FhLTExZTYtOGY4OC0zNDM2M2JjN2M0YzAiOnsiY3JlYXRlIjoyNDAwMDAwMDAwMDAsImRlbGV0ZSI6MjQwMDAwMDAwMDAwLCJ1cGRhdGUiOjI0MDAwMDAwMDAwMH19",
          "dependencies": [
            "google_compute_instance_group_manager.cr460-workload-gm",
            "google_compute_instance_template.cr460-cheval-template",
            "google_compute_network.devoir1",
            "google_compute_subnetwork.prod-traitement"
          ]
        }
      ]
    },
    {
      "mode": "managed",
      "type": "google_compute_firewall",
      "name": "internal-control",
      "provider": "provider[\"registry.terraform.io/hashicorp/google\"]",
      "instances": [
        {
          "schema_version": 1,
          "attributes": {
            "allow": [
              {
                "ports": [
                  "22",
                  "2379",
                  "2380"
                ],
                "protocol": "tcp"
              }
            ],
            "creation_timestamp": "2021-02-23T15:09:54.908-08:00",
            "deny": [],
            "description": "",
            "destination_ranges": [],
            "direction": "INGRESS",
            "disabled": false,
            "enable_logging": null,
            "id": "projects/data-segment-304402/global/firewalls/internal-control",
            "log_config": [],
            "name": "internal-control",
            "network": "https://www.googleapis.com/compute/v1/projects/data-segment-304402/global/networks/devoir1",
            "priority": 1000,
            "project": "data-segment-304402",
            "self_link": "https://www.googleapis.com/compute/v1/projects/data-segment-304402/global/firewalls/internal-control",
            "source_ranges": [
              "10.0.46.0/24",
              "192.168.42.0/24"
            ],
            "source_service_accounts": null,
            "source_tags": null,
            "target_service_accounts": null,
            "target_tags": [
              "backend"
            ],
            "timeouts": null
          },
          "sensitive_attributes": [],
          "private": "eyJlMmJmYjczMC1lY2FhLTExZTYtOGY4OC0zNDM2M2JjN2M0YzAiOnsiY3JlYXRlIjoyNDAwMDAwMDAwMDAsImRlbGV0ZSI6MjQwMDAwMDAwMDAwLCJ1cGRhdGUiOjI0MDAwMDAwMDAwMH0sInNjaGVtYV92ZXJzaW9uIjoiMSJ9",
          "dependencies": [
            "google_compute_network.devoir1"
          ]
        }
      ]
    },
    {
      "mode": "managed",
      "type": "google_compute_firewall",
      "name": "ssh-public",
      "provider": "provider[\"registry.terraform.io/hashicorp/google\"]",
      "instances": [
        {
          "schema_version": 1,
          "attributes": {
            "allow": [
              {
                "ports": [
                  "1521",
                  "3368"
                ],
                "protocol": "tcp"
              }
            ],
            "creation_timestamp": "2021-02-23T15:09:54.779-08:00",
            "deny": [],
            "description": "",
            "destination_ranges": [],
            "direction": "INGRESS",
            "disabled": false,
            "enable_logging": null,
            "id": "projects/data-segment-304402/global/firewalls/ssh-public",
            "log_config": [],
            "name": "ssh-public",
            "network": "https://www.googleapis.com/compute/v1/projects/data-segment-304402/global/networks/devoir1",
            "priority": 1000,
            "project": "data-segment-304402",
            "self_link": "https://www.googleapis.com/compute/v1/projects/data-segment-304402/global/firewalls/ssh-public",
            "source_ranges": [
              "0.0.0.0/0"
            ],
            "source_service_accounts": null,
            "source_tags": null,
            "target_service_accounts": null,
            "target_tags": [
              "public"
            ],
            "timeouts": null
          },
          "sensitive_attributes": [],
          "private": "eyJlMmJmYjczMC1lY2FhLTExZTYtOGY4OC0zNDM2M2JjN2M0YzAiOnsiY3JlYXRlIjoyNDAwMDAwMDAwMDAsImRlbGV0ZSI6MjQwMDAwMDAwMDAwLCJ1cGRhdGUiOjI0MDAwMDAwMDAwMH0sInNjaGVtYV92ZXJzaW9uIjoiMSJ9",
          "dependencies": [
            "google_compute_network.devoir1"
          ]
        }
      ]
    },
    {
      "mode": "managed",
      "type": "google_compute_firewall",
      "name": "ssh-workload",
      "provider": "provider[\"registry.terraform.io/hashicorp/google\"]",
      "instances": [
        {
          "schema_version": 1,
          "attributes": {
            "allow": [
              {
                "ports": [
                  "22"
                ],
                "protocol": "tcp"
              }
            ],
            "creation_timestamp": "2021-02-23T15:09:54.731-08:00",
            "deny": [],
            "description": "",
            "destination_ranges": [],
            "direction": "INGRESS",
            "disabled": false,
            "enable_logging": null,
            "id": "projects/data-segment-304402/global/firewalls/ssh-workload",
            "log_config": [],
            "name": "ssh-workload",
            "network": "https://www.googleapis.com/compute/v1/projects/data-segment-304402/global/networks/devoir1",
            "priority": 1000,
            "project": "data-segment-304402",
            "self_link": "https://www.googleapis.com/compute/v1/projects/data-segment-304402/global/firewalls/ssh-workload",
            "source_ranges": [
              "0.0.0.0/0"
            ],
            "source_service_accounts": null,
            "source_tags": null,
            "target_service_accounts": null,
            "target_tags": [
              "workload"
            ],
            "timeouts": null
          },
          "sensitive_attributes": [],
          "private": "eyJlMmJmYjczMC1lY2FhLTExZTYtOGY4OC0zNDM2M2JjN2M0YzAiOnsiY3JlYXRlIjoyNDAwMDAwMDAwMDAsImRlbGV0ZSI6MjQwMDAwMDAwMDAwLCJ1cGRhdGUiOjI0MDAwMDAwMDAwMH0sInNjaGVtYV92ZXJzaW9uIjoiMSJ9",
          "dependencies": [
            "google_compute_network.devoir1"
          ]
        }
      ]
    },
    {
      "mode": "managed",
      "type": "google_compute_firewall",
      "name": "web-public",
      "provider": "provider[\"registry.terraform.io/hashicorp/google\"]",
      "instances": [
        {
          "schema_version": 1,
          "attributes": {
            "allow": [
              {
                "ports": [
                  "80",
                  "443"
                ],
                "protocol": "tcp"
              }
            ],
            "creation_timestamp": "2021-02-23T15:09:54.761-08:00",
            "deny": [],
            "description": "",
            "destination_ranges": [],
            "direction": "INGRESS",
            "disabled": false,
            "enable_logging": null,
            "id": "projects/data-segment-304402/global/firewalls/web-public",
            "log_config": [],
            "name": "web-public",
            "network": "https://www.googleapis.com/compute/v1/projects/data-segment-304402/global/networks/devoir1",
            "priority": 1000,
            "project": "data-segment-304402",
            "self_link": "https://www.googleapis.com/compute/v1/projects/data-segment-304402/global/firewalls/web-public",
            "source_ranges": [
              "0.0.0.0/0"
            ],
            "source_service_accounts": null,
            "source_tags": null,
            "target_service_accounts": null,
            "target_tags": [
              "public"
            ],
            "timeouts": null
          },
          "sensitive_attributes": [],
          "private": "eyJlMmJmYjczMC1lY2FhLTExZTYtOGY4OC0zNDM2M2JjN2M0YzAiOnsiY3JlYXRlIjoyNDAwMDAwMDAwMDAsImRlbGV0ZSI6MjQwMDAwMDAwMDAwLCJ1cGRhdGUiOjI0MDAwMDAwMDAwMH0sInNjaGVtYV92ZXJzaW9uIjoiMSJ9",
          "dependencies": [
            "google_compute_network.devoir1"
          ]
        }
      ]
    },
    {
      "mode": "managed",
      "type": "google_compute_instance",
      "name": "canard",
      "provider": "provider[\"registry.terraform.io/hashicorp/google\"]",
      "instances": [
        {
          "schema_version": 6,
          "attributes": {
            "allow_stopping_for_update": null,
            "attached_disk": [],
            "boot_disk": [
              {
                "auto_delete": true,
                "device_name": "persistent-disk-0",
                "disk_encryption_key_raw": "",
                "disk_encryption_key_sha256": "",
                "initialize_params": [
                  {
                    "image": "https://www.googleapis.com/compute/v1/projects/debian-cloud/global/images/debian-10-buster-v20210217",
                    "labels": {},
                    "size": 10,
                    "type": "pd-standard"
                  }
                ],
                "kms_key_self_link": "",
                "mode": "READ_WRITE",
                "source": "https://www.googleapis.com/compute/v1/projects/data-segment-304402/zones/us-east1-c/disks/canard"
              }
            ],
            "can_ip_forward": false,
            "confidential_instance_config": [],
            "cpu_platform": "Intel Haswell",
            "current_status": "RUNNING",
            "deletion_protection": false,
            "description": "",
            "desired_status": null,
            "enable_display": false,
            "guest_accelerator": [],
            "hostname": "",
            "id": "projects/data-segment-304402/zones/us-east1-c/instances/canard",
            "instance_id": "5652228225168324000",
            "label_fingerprint": "42WmSpB8rSM=",
            "labels": null,
            "machine_type": "f1-micro",
            "metadata": null,
            "metadata_fingerprint": "GHRFom8SDrg=",
            "metadata_startup_script": "apt-get -y update \u0026\u0026 apt-get -y upgrade \u0026\u0026 apt-get -y install apache2 \u0026\u0026 systemctl start apache2",
            "min_cpu_platform": "",
            "name": "canard",
            "network_interface": [
              {
                "access_config": [
                  {
                    "nat_ip": "34.75.252.11",
                    "network_tier": "PREMIUM",
                    "public_ptr_domain_name": ""
                  }
                ],
                "alias_ip_range": [],
                "name": "nic0",
                "network": "https://www.googleapis.com/compute/v1/projects/data-segment-304402/global/networks/devoir1",
                "network_ip": "192.168.42.2",
                "subnetwork": "https://www.googleapis.com/compute/v1/projects/data-segment-304402/regions/us-east1/subnetworks/prod-dmz",
                "subnetwork_project": "data-segment-304402"
              }
            ],
            "project": "data-segment-304402",
            "resource_policies": null,
            "scheduling": [
              {
                "automatic_restart": true,
                "node_affinities": [],
                "on_host_maintenance": "MIGRATE",
                "preemptible": false
              }
            ],
            "scratch_disk": [],
            "self_link": "https://www.googleapis.com/compute/v1/projects/data-segment-304402/zones/us-east1-c/instances/canard",
            "service_account": [],
            "shielded_instance_config": [
              {
                "enable_integrity_monitoring": true,
                "enable_secure_boot": false,
                "enable_vtpm": true
              }
            ],
            "tags": [
              "public"
            ],
            "tags_fingerprint": "ubqgePYPDQc=",
            "timeouts": null,
            "zone": "us-east1-c"
          },
          "sensitive_attributes": [],
          "private": "eyJlMmJmYjczMC1lY2FhLTExZTYtOGY4OC0zNDM2M2JjN2M0YzAiOnsiY3JlYXRlIjoxMjAwMDAwMDAwMDAwLCJkZWxldGUiOjEyMDAwMDAwMDAwMDAsInVwZGF0ZSI6MTIwMDAwMDAwMDAwMH0sInNjaGVtYV92ZXJzaW9uIjoiNiJ9",
          "dependencies": [
            "google_compute_network.devoir1",
            "google_compute_subnetwork.prod-dmz"
          ]
        }
      ]
    },
    {
      "mode": "managed",
      "type": "google_compute_instance",
      "name": "etcd1",
      "provider": "provider[\"registry.terraform.io/hashicorp/google\"]",
      "instances": [
        {
          "schema_version": 6,
          "attributes": {
            "allow_stopping_for_update": null,
            "attached_disk": [],
            "boot_disk": [
              {
                "auto_delete": true,
                "device_name": "persistent-disk-0",
                "disk_encryption_key_raw": "",
                "disk_encryption_key_sha256": "",
                "initialize_params": [
                  {
                    "image": "https://www.googleapis.com/compute/v1/projects/fedora-coreos-cloud/global/images/fedora-coreos-33-20210201-3-0-gcp-x86-64",
                    "labels": {},
                    "size": 8,
                    "type": "pd-standard"
                  }
                ],
                "kms_key_self_link": "",
                "mode": "READ_WRITE",
                "source": "https://www.googleapis.com/compute/v1/projects/data-segment-304402/zones/us-east1-c/disks/etcd1"
              }
            ],
            "can_ip_forward": false,
            "confidential_instance_config": [],
            "cpu_platform": "Intel Haswell",
            "current_status": "RUNNING",
            "deletion_protection": false,
            "description": "",
            "desired_status": null,
            "enable_display": false,
            "guest_accelerator": [],
            "hostname": "",
            "id": "projects/data-segment-304402/zones/us-east1-c/instances/etcd1",
            "instance_id": "8583990648222791072",
            "label_fingerprint": "42WmSpB8rSM=",
            "labels": null,
            "machine_type": "f1-micro",
            "metadata": null,
            "metadata_fingerprint": "tFbg1iFej-0=",
            "metadata_startup_script": "",
            "min_cpu_platform": "",
            "name": "etcd1",
            "network_interface": [
              {
                "access_config": [],
                "alias_ip_range": [],
                "name": "nic0",
                "network": "https://www.googleapis.com/compute/v1/projects/data-segment-304402/global/networks/devoir1",
                "network_ip": "10.0.3.3",
                "subnetwork": "https://www.googleapis.com/compute/v1/projects/data-segment-304402/regions/us-east1/subnetworks/mtl-backend",
                "subnetwork_project": "data-segment-304402"
              }
            ],
            "project": "data-segment-304402",
            "resource_policies": null,
            "scheduling": [
              {
                "automatic_restart": true,
                "node_affinities": [],
                "on_host_maintenance": "MIGRATE",
                "preemptible": false
              }
            ],
            "scratch_disk": [],
            "self_link": "https://www.googleapis.com/compute/v1/projects/data-segment-304402/zones/us-east1-c/instances/etcd1",
            "service_account": [],
            "shielded_instance_config": [
              {
                "enable_integrity_monitoring": true,
                "enable_secure_boot": false,
                "enable_vtpm": true
              }
            ],
            "tags": [
              "backend"
            ],
            "tags_fingerprint": "lw1rxEJIHXc=",
            "timeouts": null,
            "zone": "us-east1-c"
          },
          "sensitive_attributes": [],
          "private": "eyJlMmJmYjczMC1lY2FhLTExZTYtOGY4OC0zNDM2M2JjN2M0YzAiOnsiY3JlYXRlIjoxMjAwMDAwMDAwMDAwLCJkZWxldGUiOjEyMDAwMDAwMDAwMDAsInVwZGF0ZSI6MTIwMDAwMDAwMDAwMH0sInNjaGVtYV92ZXJzaW9uIjoiNiJ9",
          "dependencies": [
            "google_compute_network.devoir1",
            "google_compute_subnetwork.mtl-backend"
          ]
        }
      ]
    },
    {
      "mode": "managed",
      "type": "google_compute_instance",
      "name": "etcd2",
      "provider": "provider[\"registry.terraform.io/hashicorp/google\"]",
      "instances": [
        {
          "schema_version": 6,
          "attributes": {
            "allow_stopping_for_update": null,
            "attached_disk": [],
            "boot_disk": [
              {
                "auto_delete": true,
                "device_name": "persistent-disk-0",
                "disk_encryption_key_raw": "",
                "disk_encryption_key_sha256": "",
                "initialize_params": [
                  {
                    "image": "https://www.googleapis.com/compute/v1/projects/fedora-coreos-cloud/global/images/fedora-coreos-33-20210201-3-0-gcp-x86-64",
                    "labels": {},
                    "size": 8,
                    "type": "pd-standard"
                  }
                ],
                "kms_key_self_link": "",
                "mode": "READ_WRITE",
                "source": "https://www.googleapis.com/compute/v1/projects/data-segment-304402/zones/us-east1-c/disks/etcd2"
              }
            ],
            "can_ip_forward": false,
            "confidential_instance_config": [],
            "cpu_platform": "Intel Haswell",
            "current_status": "RUNNING",
            "deletion_protection": false,
            "description": "",
            "desired_status": null,
            "enable_display": false,
            "guest_accelerator": [],
            "hostname": "",
            "id": "projects/data-segment-304402/zones/us-east1-c/instances/etcd2",
            "instance_id": "5604448449167111584",
            "label_fingerprint": "42WmSpB8rSM=",
            "labels": null,
            "machine_type": "f1-micro",
            "metadata": null,
            "metadata_fingerprint": "tFbg1iFej-0=",
            "metadata_startup_script": "",
            "min_cpu_platform": "",
            "name": "etcd2",
            "network_interface": [
              {
                "access_config": [],
                "alias_ip_range": [],
                "name": "nic0",
                "network": "https://www.googleapis.com/compute/v1/projects/data-segment-304402/global/networks/devoir1",
                "network_ip": "10.0.3.2",
                "subnetwork": "https://www.googleapis.com/compute/v1/projects/data-segment-304402/regions/us-east1/subnetworks/mtl-backend",
                "subnetwork_project": "data-segment-304402"
              }
            ],
            "project": "data-segment-304402",
            "resource_policies": null,
            "scheduling": [
              {
                "automatic_restart": true,
                "node_affinities": [],
                "on_host_maintenance": "MIGRATE",
                "preemptible": false
              }
            ],
            "scratch_disk": [],
            "self_link": "https://www.googleapis.com/compute/v1/projects/data-segment-304402/zones/us-east1-c/instances/etcd2",
            "service_account": [],
            "shielded_instance_config": [
              {
                "enable_integrity_monitoring": true,
                "enable_secure_boot": false,
                "enable_vtpm": true
              }
            ],
            "tags": [
              "backend"
            ],
            "tags_fingerprint": "lw1rxEJIHXc=",
            "timeouts": null,
            "zone": "us-east1-c"
          },
          "sensitive_attributes": [],
          "private": "eyJlMmJmYjczMC1lY2FhLTExZTYtOGY4OC0zNDM2M2JjN2M0YzAiOnsiY3JlYXRlIjoxMjAwMDAwMDAwMDAwLCJkZWxldGUiOjEyMDAwMDAwMDAwMDAsInVwZGF0ZSI6MTIwMDAwMDAwMDAwMH0sInNjaGVtYV92ZXJzaW9uIjoiNiJ9",
          "dependencies": [
            "google_compute_network.devoir1",
            "google_compute_subnetwork.mtl-backend"
          ]
        }
      ]
    },
    {
      "mode": "managed",
      "type": "google_compute_instance",
      "name": "etcd3",
      "provider": "provider[\"registry.terraform.io/hashicorp/google\"]",
      "instances": [
        {
          "schema_version": 6,
          "attributes": {
            "allow_stopping_for_update": null,
            "attached_disk": [],
            "boot_disk": [
              {
                "auto_delete": true,
                "device_name": "persistent-disk-0",
                "disk_encryption_key_raw": "",
                "disk_encryption_key_sha256": "",
                "initialize_params": [
                  {
                    "image": "https://www.googleapis.com/compute/v1/projects/fedora-coreos-cloud/global/images/fedora-coreos-33-20210201-3-0-gcp-x86-64",
                    "labels": {},
                    "size": 8,
                    "type": "pd-standard"
                  }
                ],
                "kms_key_self_link": "",
                "mode": "READ_WRITE",
                "source": "https://www.googleapis.com/compute/v1/projects/data-segment-304402/zones/us-east1-c/disks/etcd3"
              }
            ],
            "can_ip_forward": false,
            "confidential_instance_config": [],
            "cpu_platform": "Intel Haswell",
            "current_status": "RUNNING",
            "deletion_protection": false,
            "description": "",
            "desired_status": null,
            "enable_display": false,
            "guest_accelerator": [],
            "hostname": "",
            "id": "projects/data-segment-304402/zones/us-east1-c/instances/etcd3",
            "instance_id": "1780290387208320416",
            "label_fingerprint": "42WmSpB8rSM=",
            "labels": null,
            "machine_type": "f1-micro",
            "metadata": null,
            "metadata_fingerprint": "tFbg1iFej-0=",
            "metadata_startup_script": "",
            "min_cpu_platform": "",
            "name": "etcd3",
            "network_interface": [
              {
                "access_config": [],
                "alias_ip_range": [],
                "name": "nic0",
                "network": "https://www.googleapis.com/compute/v1/projects/data-segment-304402/global/networks/devoir1",
                "network_ip": "10.0.3.4",
                "subnetwork": "https://www.googleapis.com/compute/v1/projects/data-segment-304402/regions/us-east1/subnetworks/mtl-backend",
                "subnetwork_project": "data-segment-304402"
              }
            ],
            "project": "data-segment-304402",
            "resource_policies": null,
            "scheduling": [
              {
                "automatic_restart": true,
                "node_affinities": [],
                "on_host_maintenance": "MIGRATE",
                "preemptible": false
              }
            ],
            "scratch_disk": [],
            "self_link": "https://www.googleapis.com/compute/v1/projects/data-segment-304402/zones/us-east1-c/instances/etcd3",
            "service_account": [],
            "shielded_instance_config": [
              {
                "enable_integrity_monitoring": true,
                "enable_secure_boot": false,
                "enable_vtpm": true
              }
            ],
            "tags": [
              "backend"
            ],
            "tags_fingerprint": "lw1rxEJIHXc=",
            "timeouts": null,
            "zone": "us-east1-c"
          },
          "sensitive_attributes": [],
          "private": "eyJlMmJmYjczMC1lY2FhLTExZTYtOGY4OC0zNDM2M2JjN2M0YzAiOnsiY3JlYXRlIjoxMjAwMDAwMDAwMDAwLCJkZWxldGUiOjEyMDAwMDAwMDAwMDAsInVwZGF0ZSI6MTIwMDAwMDAwMDAwMH0sInNjaGVtYV92ZXJzaW9uIjoiNiJ9",
          "dependencies": [
            "google_compute_network.devoir1",
            "google_compute_subnetwork.mtl-backend"
          ]
        }
      ]
    },
    {
      "mode": "managed",
      "type": "google_compute_instance",
      "name": "fermier",
      "provider": "provider[\"registry.terraform.io/hashicorp/google\"]",
      "instances": [
        {
          "schema_version": 6,
          "attributes": {
            "allow_stopping_for_update": null,
            "attached_disk": [],
            "boot_disk": [
              {
                "auto_delete": true,
                "device_name": "persistent-disk-0",
                "disk_encryption_key_raw": "",
                "disk_encryption_key_sha256": "",
                "initialize_params": [
                  {
                    "image": "https://www.googleapis.com/compute/v1/projects/ubuntu-os-cloud/global/images/ubuntu-1604-xenial-v20210211",
                    "labels": {},
                    "size": 10,
                    "type": "pd-standard"
                  }
                ],
                "kms_key_self_link": "",
                "mode": "READ_WRITE",
                "source": "https://www.googleapis.com/compute/v1/projects/data-segment-304402/zones/us-east1-c/disks/fermier"
              }
            ],
            "can_ip_forward": false,
            "confidential_instance_config": [],
            "cpu_platform": "Intel Haswell",
            "current_status": "RUNNING",
            "deletion_protection": false,
            "description": "",
            "desired_status": null,
            "enable_display": false,
            "guest_accelerator": [],
            "hostname": "",
            "id": "projects/data-segment-304402/zones/us-east1-c/instances/fermier",
            "instance_id": "2240556490150131125",
            "label_fingerprint": "42WmSpB8rSM=",
            "labels": null,
            "machine_type": "f1-micro",
            "metadata": null,
            "metadata_fingerprint": "tFbg1iFej-0=",
            "metadata_startup_script": "",
            "min_cpu_platform": "",
            "name": "fermier",
            "network_interface": [
              {
                "access_config": [],
                "alias_ip_range": [],
                "name": "nic0",
                "network": "https://www.googleapis.com/compute/v1/projects/data-segment-304402/global/networks/devoir1",
                "network_ip": "10.0.46.2",
                "subnetwork": "https://www.googleapis.com/compute/v1/projects/data-segment-304402/regions/us-east1/subnetworks/prod-traitement",
                "subnetwork_project": "data-segment-304402"
              }
            ],
            "project": "data-segment-304402",
            "resource_policies": null,
            "scheduling": [
              {
                "automatic_restart": true,
                "node_affinities": [],
                "on_host_maintenance": "MIGRATE",
                "preemptible": false
              }
            ],
            "scratch_disk": [],
            "self_link": "https://www.googleapis.com/compute/v1/projects/data-segment-304402/zones/us-east1-c/instances/fermier",
            "service_account": [],
            "shielded_instance_config": [
              {
                "enable_integrity_monitoring": true,
                "enable_secure_boot": false,
                "enable_vtpm": true
              }
            ],
            "tags": [
              "workload"
            ],
            "tags_fingerprint": "5EUpivCzoVY=",
            "timeouts": null,
            "zone": "us-east1-c"
          },
          "sensitive_attributes": [],
          "private": "eyJlMmJmYjczMC1lY2FhLTExZTYtOGY4OC0zNDM2M2JjN2M0YzAiOnsiY3JlYXRlIjoxMjAwMDAwMDAwMDAwLCJkZWxldGUiOjEyMDAwMDAwMDAwMDAsInVwZGF0ZSI6MTIwMDAwMDAwMDAwMH0sInNjaGVtYV92ZXJzaW9uIjoiNiJ9",
          "dependencies": [
            "google_compute_network.devoir1",
            "google_compute_subnetwork.prod-traitement"
          ]
        }
      ]
    },
    {
      "mode": "managed",
      "type": "google_compute_instance",
      "name": "mouton",
      "provider": "provider[\"registry.terraform.io/hashicorp/google\"]",
      "instances": [
        {
          "schema_version": 6,
          "attributes": {
            "allow_stopping_for_update": null,
            "attached_disk": [],
            "boot_disk": [
              {
                "auto_delete": true,
                "device_name": "persistent-disk-0",
                "disk_encryption_key_raw": "",
                "disk_encryption_key_sha256": "",
                "initialize_params": [
                  {
                    "image": "https://www.googleapis.com/compute/v1/projects/fedora-coreos-cloud/global/images/fedora-coreos-33-20210201-3-0-gcp-x86-64",
                    "labels": {},
                    "size": 8,
                    "type": "pd-standard"
                  }
                ],
                "kms_key_self_link": "",
                "mode": "READ_WRITE",
                "source": "https://www.googleapis.com/compute/v1/projects/data-segment-304402/zones/us-east1-c/disks/mouton"
              }
            ],
            "can_ip_forward": false,
            "confidential_instance_config": [],
            "cpu_platform": "Intel Haswell",
            "current_status": "RUNNING",
            "deletion_protection": false,
            "description": "",
            "desired_status": null,
            "enable_display": false,
            "guest_accelerator": [],
            "hostname": "",
            "id": "projects/data-segment-304402/zones/us-east1-c/instances/mouton",
            "instance_id": "5945006460585391520",
            "label_fingerprint": "42WmSpB8rSM=",
            "labels": null,
            "machine_type": "f1-micro",
            "metadata": null,
            "metadata_fingerprint": "tFbg1iFej-0=",
            "metadata_startup_script": "",
            "min_cpu_platform": "",
            "name": "mouton",
            "network_interface": [
              {
                "access_config": [
                  {
                    "nat_ip": "34.75.224.68",
                    "network_tier": "PREMIUM",
                    "public_ptr_domain_name": ""
                  }
                ],
                "alias_ip_range": [],
                "name": "nic0",
                "network": "https://www.googleapis.com/compute/v1/projects/data-segment-304402/global/networks/devoir1",
                "network_ip": "172.16.5.2",
                "subnetwork": "https://www.googleapis.com/compute/v1/projects/data-segment-304402/regions/us-east1/subnetworks/prod-interne",
                "subnetwork_project": "data-segment-304402"
              }
            ],
            "project": "data-segment-304402",
            "resource_policies": null,
            "scheduling": [
              {
                "automatic_restart": true,
                "node_affinities": [],
                "on_host_maintenance": "MIGRATE",
                "preemptible": false
              }
            ],
            "scratch_disk": [],
            "self_link": "https://www.googleapis.com/compute/v1/projects/data-segment-304402/zones/us-east1-c/instances/mouton",
            "service_account": [],
            "shielded_instance_config": [
              {
                "enable_integrity_monitoring": true,
                "enable_secure_boot": false,
                "enable_vtpm": true
              }
            ],
            "tags": [
              "public"
            ],
            "tags_fingerprint": "ubqgePYPDQc=",
            "timeouts": null,
            "zone": "us-east1-c"
          },
          "sensitive_attributes": [],
          "private": "eyJlMmJmYjczMC1lY2FhLTExZTYtOGY4OC0zNDM2M2JjN2M0YzAiOnsiY3JlYXRlIjoxMjAwMDAwMDAwMDAwLCJkZWxldGUiOjEyMDAwMDAwMDAwMDAsInVwZGF0ZSI6MTIwMDAwMDAwMDAwMH0sInNjaGVtYV92ZXJzaW9uIjoiNiJ9",
          "dependencies": [
            "google_compute_network.devoir1",
            "google_compute_subnetwork.prod-interne"
          ]
        }
      ]
    },
    {
      "mode": "managed",
      "type": "google_compute_instance_group_manager",
      "name": "cr460-workload-gm",
      "provider": "provider[\"registry.terraform.io/hashicorp/google\"]",
      "instances": [
        {
          "schema_version": 0,
          "attributes": {
            "auto_healing_policies": [],
            "base_instance_name": "cheval",
            "description": "",
            "fingerprint": "-cECcDELMJ8=",
            "id": "projects/data-segment-304402/zones/us-east1-c/instanceGroupManagers/cr460-workload-gm",
            "instance_group": "https://www.googleapis.com/compute/v1/projects/data-segment-304402/zones/us-east1-c/instanceGroups/cr460-workload-gm",
            "name": "cr460-workload-gm",
            "named_port": [],
            "operation": null,
            "project": "data-segment-304402",
            "self_link": "https://www.googleapis.com/compute/v1/projects/data-segment-304402/zones/us-east1-c/instanceGroupManagers/cr460-workload-gm",
            "stateful_disk": [],
            "target_pools": null,
            "target_size": 0,
            "timeouts": null,
            "update_policy": [
              {
                "max_surge_fixed": 1,
                "max_surge_percent": 0,
                "max_unavailable_fixed": 1,
                "max_unavailable_percent": 0,
                "min_ready_sec": 0,
                "minimal_action": "REPLACE",
                "replacement_method": "SUBSTITUTE",
                "type": "OPPORTUNISTIC"
              }
            ],
            "version": [
              {
                "instance_template": "https://www.googleapis.com/compute/v1/projects/data-segment-304402/global/instanceTemplates/cr460-cheval-template",
                "name": "primary",
                "target_size": []
              }
            ],
            "wait_for_instances": false,
            "zone": "us-east1-c"
          },
          "sensitive_attributes": [],
          "private": "eyJlMmJmYjczMC1lY2FhLTExZTYtOGY4OC0zNDM2M2JjN2M0YzAiOnsiY3JlYXRlIjozMDAwMDAwMDAwMDAsImRlbGV0ZSI6OTAwMDAwMDAwMDAwLCJ1cGRhdGUiOjMwMDAwMDAwMDAwMH19",
          "dependencies": [
            "google_compute_instance_template.cr460-cheval-template",
            "google_compute_network.devoir1",
            "google_compute_subnetwork.prod-traitement"
          ]
        }
      ]
    },
    {
      "mode": "managed",
      "type": "google_compute_instance_template",
      "name": "cr460-cheval-template",
      "provider": "provider[\"registry.terraform.io/hashicorp/google\"]",
      "instances": [
        {
          "schema_version": 1,
          "attributes": {
            "can_ip_forward": true,
            "confidential_instance_config": null,
            "description": "",
            "disk": [
              {
                "auto_delete": true,
                "boot": true,
                "device_name": "persistent-disk-0",
                "disk_encryption_key": [],
                "disk_name": "",
                "disk_size_gb": 0,
                "disk_type": "pd-standard",
                "interface": "SCSI",
                "labels": null,
                "mode": "READ_WRITE",
                "resource_policies": null,
                "source": "",
                "source_image": "projects/fedora-coreos-cloud/global/images/family/fedora-coreos-stable",
                "type": "PERSISTENT"
              }
            ],
            "enable_display": null,
            "guest_accelerator": [],
            "id": "projects/data-segment-304402/global/instanceTemplates/cr460-cheval-template",
            "instance_description": "",
            "labels": null,
            "machine_type": "n1-standard-1",
            "metadata": null,
            "metadata_fingerprint": "tFbg1iFej-0=",
            "metadata_startup_script": null,
            "min_cpu_platform": "",
            "name": "cr460-cheval-template",
            "name_prefix": null,
            "network_interface": [
              {
                "access_config": [
                  {
                    "nat_ip": "",
                    "network_tier": "PREMIUM",
                    "public_ptr_domain_name": ""
                  }
                ],
                "alias_ip_range": [],
                "name": "nic0",
                "network": "https://www.googleapis.com/compute/v1/projects/data-segment-304402/global/networks/devoir1",
                "network_ip": "",
                "subnetwork": "https://www.googleapis.com/compute/v1/projects/data-segment-304402/regions/us-east1/subnetworks/prod-traitement",
                "subnetwork_project": "data-segment-304402"
              }
            ],
            "project": "data-segment-304402",
            "region": "us-east1",
            "scheduling": [
              {
                "automatic_restart": true,
                "node_affinities": [],
                "on_host_maintenance": "MIGRATE",
                "preemptible": false
              }
            ],
            "self_link": "https://www.googleapis.com/compute/beta/projects/data-segment-304402/global/instanceTemplates/cr460-cheval-template",
            "service_account": [],
            "shielded_instance_config": [],
            "tags": [
              "workload"
            ],
            "tags_fingerprint": "",
            "timeouts": null
          },
          "sensitive_attributes": [],
          "private": "eyJlMmJmYjczMC1lY2FhLTExZTYtOGY4OC0zNDM2M2JjN2M0YzAiOnsiY3JlYXRlIjoyNDAwMDAwMDAwMDAsImRlbGV0ZSI6MjQwMDAwMDAwMDAwfSwic2NoZW1hX3ZlcnNpb24iOiIxIn0=",
          "dependencies": [
            "google_compute_network.devoir1",
            "google_compute_subnetwork.prod-traitement"
          ]
        }
      ]
    },
    {
      "mode": "managed",
      "type": "google_compute_network",
      "name": "devoir1",
      "provider": "provider[\"registry.terraform.io/hashicorp/google\"]",
      "instances": [
        {
          "schema_version": 0,
          "attributes": {
            "auto_create_subnetworks": false,
            "delete_default_routes_on_create": false,
            "description": "",
            "gateway_ipv4": "",
            "id": "projects/data-segment-304402/global/networks/devoir1",
            "mtu": 0,
            "name": "devoir1",
            "project": "data-segment-304402",
            "routing_mode": "REGIONAL",
            "self_link": "https://www.googleapis.com/compute/v1/projects/data-segment-304402/global/networks/devoir1",
            "timeouts": null
          },
          "sensitive_attributes": [],
          "private": "eyJlMmJmYjczMC1lY2FhLTExZTYtOGY4OC0zNDM2M2JjN2M0YzAiOnsiY3JlYXRlIjoyNDAwMDAwMDAwMDAsImRlbGV0ZSI6MjQwMDAwMDAwMDAwLCJ1cGRhdGUiOjI0MDAwMDAwMDAwMH19"
        }
      ]
    },
    {
      "mode": "managed",
      "type": "google_compute_subnetwork",
      "name": "mtl-backend",
      "provider": "provider[\"registry.terraform.io/hashicorp/google\"]",
      "instances": [
        {
          "schema_version": 0,
          "attributes": {
            "creation_timestamp": "2021-02-23T15:09:55.531-08:00",
            "description": "",
            "fingerprint": null,
            "gateway_address": "10.0.3.1",
            "id": "projects/data-segment-304402/regions/us-east1/subnetworks/mtl-backend",
            "ip_cidr_range": "10.0.3.0/24",
            "log_config": [],
            "name": "mtl-backend",
            "network": "https://www.googleapis.com/compute/v1/projects/data-segment-304402/global/networks/devoir1",
            "private_ip_google_access": false,
            "private_ipv6_google_access": "DISABLE_GOOGLE_ACCESS",
            "project": "data-segment-304402",
            "region": "us-east1",
            "secondary_ip_range": [],
            "self_link": "https://www.googleapis.com/compute/v1/projects/data-segment-304402/regions/us-east1/subnetworks/mtl-backend",
            "timeouts": null
          },
          "sensitive_attributes": [],
          "private": "eyJlMmJmYjczMC1lY2FhLTExZTYtOGY4OC0zNDM2M2JjN2M0YzAiOnsiY3JlYXRlIjozNjAwMDAwMDAwMDAsImRlbGV0ZSI6MzYwMDAwMDAwMDAwLCJ1cGRhdGUiOjM2MDAwMDAwMDAwMH19",
          "dependencies": [
            "google_compute_network.devoir1"
          ]
        }
      ]
    },
    {
      "mode": "managed",
      "type": "google_compute_subnetwork",
      "name": "prod-dmz",
      "provider": "provider[\"registry.terraform.io/hashicorp/google\"]",
      "instances": [
        {
          "schema_version": 0,
          "attributes": {
            "creation_timestamp": "2021-02-23T15:09:54.828-08:00",
            "description": "",
            "fingerprint": null,
            "gateway_address": "192.168.42.1",
            "id": "projects/data-segment-304402/regions/us-east1/subnetworks/prod-dmz",
            "ip_cidr_range": "192.168.42.0/24",
            "log_config": [],
            "name": "prod-dmz",
            "network": "https://www.googleapis.com/compute/v1/projects/data-segment-304402/global/networks/devoir1",
            "private_ip_google_access": false,
            "private_ipv6_google_access": "DISABLE_GOOGLE_ACCESS",
            "project": "data-segment-304402",
            "region": "us-east1",
            "secondary_ip_range": [],
            "self_link": "https://www.googleapis.com/compute/v1/projects/data-segment-304402/regions/us-east1/subnetworks/prod-dmz",
            "timeouts": null
          },
          "sensitive_attributes": [],
          "private": "eyJlMmJmYjczMC1lY2FhLTExZTYtOGY4OC0zNDM2M2JjN2M0YzAiOnsiY3JlYXRlIjozNjAwMDAwMDAwMDAsImRlbGV0ZSI6MzYwMDAwMDAwMDAwLCJ1cGRhdGUiOjM2MDAwMDAwMDAwMH19",
          "dependencies": [
            "google_compute_network.devoir1"
          ]
        }
      ]
    },
    {
      "mode": "managed",
      "type": "google_compute_subnetwork",
      "name": "prod-interne",
      "provider": "provider[\"registry.terraform.io/hashicorp/google\"]",
      "instances": [
        {
          "schema_version": 0,
          "attributes": {
            "creation_timestamp": "2021-02-23T15:09:55.869-08:00",
            "description": "",
            "fingerprint": null,
            "gateway_address": "172.16.5.1",
            "id": "projects/data-segment-304402/regions/us-east1/subnetworks/prod-interne",
            "ip_cidr_range": "172.16.5.0/24",
            "log_config": [],
            "name": "prod-interne",
            "network": "https://www.googleapis.com/compute/v1/projects/data-segment-304402/global/networks/devoir1",
            "private_ip_google_access": false,
            "private_ipv6_google_access": "DISABLE_GOOGLE_ACCESS",
            "project": "data-segment-304402",
            "region": "us-east1",
            "secondary_ip_range": [],
            "self_link": "https://www.googleapis.com/compute/v1/projects/data-segment-304402/regions/us-east1/subnetworks/prod-interne",
            "timeouts": null
          },
          "sensitive_attributes": [],
          "private": "eyJlMmJmYjczMC1lY2FhLTExZTYtOGY4OC0zNDM2M2JjN2M0YzAiOnsiY3JlYXRlIjozNjAwMDAwMDAwMDAsImRlbGV0ZSI6MzYwMDAwMDAwMDAwLCJ1cGRhdGUiOjM2MDAwMDAwMDAwMH19",
          "dependencies": [
            "google_compute_network.devoir1"
          ]
        }
      ]
    },
    {
      "mode": "managed",
      "type": "google_compute_subnetwork",
      "name": "prod-traitement",
      "provider": "provider[\"registry.terraform.io/hashicorp/google\"]",
      "instances": [
        {
          "schema_version": 0,
          "attributes": {
            "creation_timestamp": "2021-02-23T15:09:55.812-08:00",
            "description": "",
            "fingerprint": null,
            "gateway_address": "10.0.46.1",
            "id": "projects/data-segment-304402/regions/us-east1/subnetworks/prod-traitement",
            "ip_cidr_range": "10.0.46.0/24",
            "log_config": [],
            "name": "prod-traitement",
            "network": "https://www.googleapis.com/compute/v1/projects/data-segment-304402/global/networks/devoir1",
            "private_ip_google_access": false,
            "private_ipv6_google_access": "DISABLE_GOOGLE_ACCESS",
            "project": "data-segment-304402",
            "region": "us-east1",
            "secondary_ip_range": [],
            "self_link": "https://www.googleapis.com/compute/v1/projects/data-segment-304402/regions/us-east1/subnetworks/prod-traitement",
            "timeouts": null
          },
          "sensitive_attributes": [],
          "private": "eyJlMmJmYjczMC1lY2FhLTExZTYtOGY4OC0zNDM2M2JjN2M0YzAiOnsiY3JlYXRlIjozNjAwMDAwMDAwMDAsImRlbGV0ZSI6MzYwMDAwMDAwMDAwLCJ1cGRhdGUiOjM2MDAwMDAwMDAwMH19",
          "dependencies": [
            "google_compute_network.devoir1"
          ]
        }
      ]
    }
  ]
}
